// !$*UTF8*$!
{
	archiveVersion = 1;
	classes = {
	};
	objectVersion = 46;
	objects = {

/* Begin PBXBuildFile section */
		442254C41E5EE0CD00A62376 /* SimpleLibTests.swift in Sources */ = {isa = PBXBuildFile; fileRef = 442254C31E5EE0CD00A62376 /* SimpleLibTests.swift */; };
		442254C61E5EE0CD00A62376 /* SimpleLib.framework in Frameworks */ = {isa = PBXBuildFile; fileRef = C20B84011D6BFCC600C12286 /* SimpleLib.framework */; };
		443EB7441E80D00600C76EBF /* Ext_UserDefaults.swift in Sources */ = {isa = PBXBuildFile; fileRef = 443EB7431E80D00600C76EBF /* Ext_UserDefaults.swift */; };
		446885C91D940ACE004E76E7 /* Ext_UITextView.swift in Sources */ = {isa = PBXBuildFile; fileRef = 446885C81D940ACE004E76E7 /* Ext_UITextView.swift */; };
		44A9C4731D96CC8700F09E6A /* KDEDateLabel.swift in Sources */ = {isa = PBXBuildFile; fileRef = 44A9C4721D96CC8700F09E6A /* KDEDateLabel.swift */; };
		44A9C4751D96CD9400F09E6A /* ExpandableLabel.swift in Sources */ = {isa = PBXBuildFile; fileRef = 44A9C4741D96CD9400F09E6A /* ExpandableLabel.swift */; };
		44A9C4771D96CF1500F09E6A /* CLTypingLabel.swift in Sources */ = {isa = PBXBuildFile; fileRef = 44A9C4761D96CF1500F09E6A /* CLTypingLabel.swift */; };
		44BE95331D8A6104004FFDF4 /* Ext_UILabel.swift in Sources */ = {isa = PBXBuildFile; fileRef = 44BE95321D8A6104004FFDF4 /* Ext_UILabel.swift */; };
		44BE95351D8A67F6004FFDF4 /* Ext_UIImageView.swift in Sources */ = {isa = PBXBuildFile; fileRef = 44BE95341D8A67F6004FFDF4 /* Ext_UIImageView.swift */; };
		44BE953E1D8A6916004FFDF4 /* BlockButton.swift in Sources */ = {isa = PBXBuildFile; fileRef = 44BE95371D8A6916004FFDF4 /* BlockButton.swift */; };
		44BE953F1D8A6916004FFDF4 /* BlockLongPress.swift in Sources */ = {isa = PBXBuildFile; fileRef = 44BE95381D8A6916004FFDF4 /* BlockLongPress.swift */; };
		44BE95401D8A6916004FFDF4 /* BlockPan.swift in Sources */ = {isa = PBXBuildFile; fileRef = 44BE95391D8A6916004FFDF4 /* BlockPan.swift */; };
		44BE95411D8A6916004FFDF4 /* BlockPinch.swift in Sources */ = {isa = PBXBuildFile; fileRef = 44BE953A1D8A6916004FFDF4 /* BlockPinch.swift */; };
		44BE95421D8A6916004FFDF4 /* BlockSwipe.swift in Sources */ = {isa = PBXBuildFile; fileRef = 44BE953B1D8A6916004FFDF4 /* BlockSwipe.swift */; };
		44BE95431D8A6916004FFDF4 /* BlockTap.swift in Sources */ = {isa = PBXBuildFile; fileRef = 44BE953C1D8A6916004FFDF4 /* BlockTap.swift */; };
		44BE95441D8A6916004FFDF4 /* BlockWebView.swift in Sources */ = {isa = PBXBuildFile; fileRef = 44BE953D1D8A6916004FFDF4 /* BlockWebView.swift */; };
		44E665501E65B9A000B6A02F /* readme.rtf in Resources */ = {isa = PBXBuildFile; fileRef = 44E6654F1E65B9A000B6A02F /* readme.rtf */; };
		44E665521E65BDB600B6A02F /* Ext_example.swift in Sources */ = {isa = PBXBuildFile; fileRef = 44E665511E65BDB600B6A02F /* Ext_example.swift */; };
		44E665541E6706EA00B6A02F /* EZSwiftFunctions.swift in Sources */ = {isa = PBXBuildFile; fileRef = 44E665531E6706EA00B6A02F /* EZSwiftFunctions.swift */; };
		44F030F11E5C6C150059B587 /* Ext_UIApplication.swift in Sources */ = {isa = PBXBuildFile; fileRef = 44F030F01E5C6C150059B587 /* Ext_UIApplication.swift */; };
		44F030F51E5C6C250059B587 /* Ext_UIButton.swift in Sources */ = {isa = PBXBuildFile; fileRef = 44F030F41E5C6C250059B587 /* Ext_UIButton.swift */; };
		44F030F71E5C6D130059B587 /* Ext_DispatchQueue.swift in Sources */ = {isa = PBXBuildFile; fileRef = 44F030F61E5C6D130059B587 /* Ext_DispatchQueue.swift */; };
		C20B84051D6BFCC700C12286 /* SimpleLib.h in Headers */ = {isa = PBXBuildFile; fileRef = C20B84041D6BFCC700C12286 /* SimpleLib.h */; settings = {ATTRIBUTES = (Public, ); }; };
		C20B84461D6BFD0A00C12286 /* AnimationBarButton.swift in Sources */ = {isa = PBXBuildFile; fileRef = C20B841C1D6BFD0A00C12286 /* AnimationBarButton.swift */; };
		C20B84471D6BFD0A00C12286 /* Rotatable.swift in Sources */ = {isa = PBXBuildFile; fileRef = C20B841E1D6BFD0A00C12286 /* Rotatable.swift */; };
		C20B84481D6BFD0A00C12286 /* ExpandingTableViewController.swift in Sources */ = {isa = PBXBuildFile; fileRef = C20B84201D6BFD0A00C12286 /* ExpandingTableViewController.swift */; };
		C20B84491D6BFD0A00C12286 /* BasePageCollectionCell.swift in Sources */ = {isa = PBXBuildFile; fileRef = C20B84241D6BFD0A00C12286 /* BasePageCollectionCell.swift */; };
		C20B844A1D6BFD0A00C12286 /* PageCollectionLayout.swift in Sources */ = {isa = PBXBuildFile; fileRef = C20B84261D6BFD0A00C12286 /* PageCollectionLayout.swift */; };
		C20B844B1D6BFD0A00C12286 /* PageCollectionView.swift in Sources */ = {isa = PBXBuildFile; fileRef = C20B84271D6BFD0A00C12286 /* PageCollectionView.swift */; };
		C20B844C1D6BFD0A00C12286 /* ExpandingViewController.swift in Sources */ = {isa = PBXBuildFile; fileRef = C20B84281D6BFD0A00C12286 /* ExpandingViewController.swift */; };
		C20B844D1D6BFD0A00C12286 /* Ext_CCLocation.swift in Sources */ = {isa = PBXBuildFile; fileRef = C20B842A1D6BFD0A00C12286 /* Ext_CCLocation.swift */; };
		C20B844E1D6BFD0A00C12286 /* Ext_NSCoding.swift in Sources */ = {isa = PBXBuildFile; fileRef = C20B842B1D6BFD0A00C12286 /* Ext_NSCoding.swift */; };
		C20B844F1D6BFD0A00C12286 /* Ext_NSData.swift in Sources */ = {isa = PBXBuildFile; fileRef = C20B842C1D6BFD0A00C12286 /* Ext_NSData.swift */; };
		C20B84501D6BFD0A00C12286 /* Ext_NSDate.swift in Sources */ = {isa = PBXBuildFile; fileRef = C20B842D1D6BFD0A00C12286 /* Ext_NSDate.swift */; };
		C20B84511D6BFD0A00C12286 /* Ext_NSString.swift in Sources */ = {isa = PBXBuildFile; fileRef = C20B842E1D6BFD0A00C12286 /* Ext_NSString.swift */; };
		C20B84521D6BFD0A00C12286 /* Ext_String.swift in Sources */ = {isa = PBXBuildFile; fileRef = C20B842F1D6BFD0A00C12286 /* Ext_String.swift */; };
		C20B84531D6BFD0A00C12286 /* Ext_UIColor.swift in Sources */ = {isa = PBXBuildFile; fileRef = C20B84301D6BFD0A00C12286 /* Ext_UIColor.swift */; };
		C20B84541D6BFD0A00C12286 /* Ext_UIDevice.swift in Sources */ = {isa = PBXBuildFile; fileRef = C20B84311D6BFD0A00C12286 /* Ext_UIDevice.swift */; };
		C20B84551D6BFD0A00C12286 /* Ext_UIImage.swift in Sources */ = {isa = PBXBuildFile; fileRef = C20B84321D6BFD0A00C12286 /* Ext_UIImage.swift */; };
		C20B84561D6BFD0A00C12286 /* Ext_UINavigationBar.swift in Sources */ = {isa = PBXBuildFile; fileRef = C20B84331D6BFD0A00C12286 /* Ext_UINavigationBar.swift */; };
		C20B84571D6BFD0A00C12286 /* Ext_UINavigationController.swift in Sources */ = {isa = PBXBuildFile; fileRef = C20B84341D6BFD0A00C12286 /* Ext_UINavigationController.swift */; };
		C20B84581D6BFD0A00C12286 /* Ext_UIScreen.swift in Sources */ = {isa = PBXBuildFile; fileRef = C20B84351D6BFD0A00C12286 /* Ext_UIScreen.swift */; };
		C20B84591D6BFD0A00C12286 /* Ext_UIStoryboard.swift in Sources */ = {isa = PBXBuildFile; fileRef = C20B84361D6BFD0A00C12286 /* Ext_UIStoryboard.swift */; };
		C20B845A1D6BFD0A00C12286 /* Ext_UITableView.swift in Sources */ = {isa = PBXBuildFile; fileRef = C20B84371D6BFD0A00C12286 /* Ext_UITableView.swift */; };
		C20B845B1D6BFD0A00C12286 /* Ext_UIView.swift in Sources */ = {isa = PBXBuildFile; fileRef = C20B84381D6BFD0A00C12286 /* Ext_UIView.swift */; };
		C20B845C1D6BFD0A00C12286 /* Ext_UIViewController.swift in Sources */ = {isa = PBXBuildFile; fileRef = C20B84391D6BFD0A00C12286 /* Ext_UIViewController.swift */; };
		C20B845D1D6BFD0A00C12286 /* CornerAnimatable.swift in Sources */ = {isa = PBXBuildFile; fileRef = C20B843D1D6BFD0A00C12286 /* CornerAnimatable.swift */; };
		C20B845E1D6BFD0A00C12286 /* ConfigurationHelper.swift in Sources */ = {isa = PBXBuildFile; fileRef = C20B843F1D6BFD0A00C12286 /* ConfigurationHelper.swift */; };
		C20B845F1D6BFD0A00C12286 /* ConstraintsHelper.swift in Sources */ = {isa = PBXBuildFile; fileRef = C20B84411D6BFD0A00C12286 /* ConstraintsHelper.swift */; };
		C20B84601D6BFD0A00C12286 /* ScreenShotHelper.swift in Sources */ = {isa = PBXBuildFile; fileRef = C20B84431D6BFD0A00C12286 /* ScreenShotHelper.swift */; };
		C20B84611D6BFD0A00C12286 /* SubviewsForEach.swift in Sources */ = {isa = PBXBuildFile; fileRef = C20B84451D6BFD0A00C12286 /* SubviewsForEach.swift */; };
		C20B846E1D6BFD1F00C12286 /* KMWeakObjectContainer.swift in Sources */ = {isa = PBXBuildFile; fileRef = C20B84631D6BFD1E00C12286 /* KMWeakObjectContainer.swift */; };
		C20B846F1D6BFD1F00C12286 /* MethodSwizzling.swift in Sources */ = {isa = PBXBuildFile; fileRef = C20B84641D6BFD1E00C12286 /* MethodSwizzling.swift */; };
		C20B84701D6BFD1F00C12286 /* NavigationBarData.swift in Sources */ = {isa = PBXBuildFile; fileRef = C20B84661D6BFD1E00C12286 /* NavigationBarData.swift */; };
		C20B84901D6BFD2600C12286 /* TransitionDriver.swift in Sources */ = {isa = PBXBuildFile; fileRef = C20B84781D6BFD2600C12286 /* TransitionDriver.swift */; };
		C20B84911D6BFD2600C12286 /* AuthcodeView.swift in Sources */ = {isa = PBXBuildFile; fileRef = C20B847A1D6BFD2600C12286 /* AuthcodeView.swift */; };
		C20B84921D6BFD2600C12286 /* AnyCache.swift in Sources */ = {isa = PBXBuildFile; fileRef = C20B847C1D6BFD2600C12286 /* AnyCache.swift */; };
		C20B84931D6BFD2600C12286 /* Box.swift in Sources */ = {isa = PBXBuildFile; fileRef = C20B847D1D6BFD2600C12286 /* Box.swift */; };
		C20B84941D6BFD2600C12286 /* Cache.swift in Sources */ = {isa = PBXBuildFile; fileRef = C20B847E1D6BFD2600C12286 /* Cache.swift */; };
		C20B84951D6BFD2600C12286 /* DiskCache.swift in Sources */ = {isa = PBXBuildFile; fileRef = C20B847F1D6BFD2600C12286 /* DiskCache.swift */; };
		C20B84961D6BFD2600C12286 /* MemoryCache.swift in Sources */ = {isa = PBXBuildFile; fileRef = C20B84801D6BFD2600C12286 /* MemoryCache.swift */; };
		C20B84971D6BFD2600C12286 /* MultiCache.swift in Sources */ = {isa = PBXBuildFile; fileRef = C20B84811D6BFD2600C12286 /* MultiCache.swift */; };
		C20B84981D6BFD2600C12286 /* Duration.swift in Sources */ = {isa = PBXBuildFile; fileRef = C20B84821D6BFD2600C12286 /* Duration.swift */; };
		C20B84991D6BFD2600C12286 /* ICanHas.swift in Sources */ = {isa = PBXBuildFile; fileRef = C20B84831D6BFD2600C12286 /* ICanHas.swift */; };
		C20B849A1D6BFD2600C12286 /* ImageResizingMethods.swift in Sources */ = {isa = PBXBuildFile; fileRef = C20B84841D6BFD2600C12286 /* ImageResizingMethods.swift */; };
		C20B849B1D6BFD2600C12286 /* Location_Func.swift in Sources */ = {isa = PBXBuildFile; fileRef = C20B84851D6BFD2600C12286 /* Location_Func.swift */; };
		C20B849C1D6BFD2600C12286 /* PlistUtil.swift in Sources */ = {isa = PBXBuildFile; fileRef = C20B84861D6BFD2600C12286 /* PlistUtil.swift */; };
		C20B849D1D6BFD2600C12286 /* Public_Func.swift in Sources */ = {isa = PBXBuildFile; fileRef = C20B84871D6BFD2600C12286 /* Public_Func.swift */; };
		C20B849E1D6BFD2600C12286 /* AnimatedSegmentSwitch.swift in Sources */ = {isa = PBXBuildFile; fileRef = C20B84891D6BFD2600C12286 /* AnimatedSegmentSwitch.swift */; };
		C20B849F1D6BFD2600C12286 /* FoldingCell.swift in Sources */ = {isa = PBXBuildFile; fileRef = C20B848A1D6BFD2600C12286 /* FoldingCell.swift */; };
		C20B84A01D6BFD2600C12286 /* JTSplashView.swift in Sources */ = {isa = PBXBuildFile; fileRef = C20B848B1D6BFD2600C12286 /* JTSplashView.swift */; };
		C20B84A11D6BFD2600C12286 /* KCSelectionDialog.swift in Sources */ = {isa = PBXBuildFile; fileRef = C20B848C1D6BFD2600C12286 /* KCSelectionDialog.swift */; };
		C20B84A21D6BFD2600C12286 /* KCSelectionDialogItem.swift in Sources */ = {isa = PBXBuildFile; fileRef = C20B848D1D6BFD2600C12286 /* KCSelectionDialogItem.swift */; };
		C20B84A31D6BFD2600C12286 /* KDInteractiveNavigationController.swift in Sources */ = {isa = PBXBuildFile; fileRef = C20B848E1D6BFD2600C12286 /* KDInteractiveNavigationController.swift */; };
		C20B84A41D6BFD2600C12286 /* NavigationBarColorSource.swift in Sources */ = {isa = PBXBuildFile; fileRef = C20B848F1D6BFD2600C12286 /* NavigationBarColorSource.swift */; };
		C22758B31D6C157D008C1F18 /* AppCommon.swift in Sources */ = {isa = PBXBuildFile; fileRef = C22758B21D6C157D008C1F18 /* AppCommon.swift */; };
/* End PBXBuildFile section */

/* Begin PBXContainerItemProxy section */
		442254C71E5EE0CD00A62376 /* PBXContainerItemProxy */ = {
			isa = PBXContainerItemProxy;
			containerPortal = C20B83F81D6BFCC600C12286 /* Project object */;
			proxyType = 1;
			remoteGlobalIDString = C20B84001D6BFCC600C12286;
			remoteInfo = SimpleLib;
		};
/* End PBXContainerItemProxy section */

/* Begin PBXFileReference section */
		442254C11E5EE0CD00A62376 /* SimpleLibTests.xctest */ = {isa = PBXFileReference; explicitFileType = wrapper.cfbundle; includeInIndex = 0; path = SimpleLibTests.xctest; sourceTree = BUILT_PRODUCTS_DIR; };
		442254C31E5EE0CD00A62376 /* SimpleLibTests.swift */ = {isa = PBXFileReference; lastKnownFileType = sourcecode.swift; path = SimpleLibTests.swift; sourceTree = "<group>"; };
		442254C51E5EE0CD00A62376 /* Info.plist */ = {isa = PBXFileReference; lastKnownFileType = text.plist.xml; path = Info.plist; sourceTree = "<group>"; };
		443EB7431E80D00600C76EBF /* Ext_UserDefaults.swift */ = {isa = PBXFileReference; fileEncoding = 4; lastKnownFileType = sourcecode.swift; path = Ext_UserDefaults.swift; sourceTree = "<group>"; };
		446885C81D940ACE004E76E7 /* Ext_UITextView.swift */ = {isa = PBXFileReference; fileEncoding = 4; lastKnownFileType = sourcecode.swift; path = Ext_UITextView.swift; sourceTree = "<group>"; };
		44A9C4721D96CC8700F09E6A /* KDEDateLabel.swift */ = {isa = PBXFileReference; fileEncoding = 4; lastKnownFileType = sourcecode.swift; path = KDEDateLabel.swift; sourceTree = "<group>"; };
		44A9C4741D96CD9400F09E6A /* ExpandableLabel.swift */ = {isa = PBXFileReference; fileEncoding = 4; lastKnownFileType = sourcecode.swift; path = ExpandableLabel.swift; sourceTree = "<group>"; };
		44A9C4761D96CF1500F09E6A /* CLTypingLabel.swift */ = {isa = PBXFileReference; fileEncoding = 4; lastKnownFileType = sourcecode.swift; path = CLTypingLabel.swift; sourceTree = "<group>"; };
		44BE95321D8A6104004FFDF4 /* Ext_UILabel.swift */ = {isa = PBXFileReference; fileEncoding = 4; lastKnownFileType = sourcecode.swift; path = Ext_UILabel.swift; sourceTree = "<group>"; };
		44BE95341D8A67F6004FFDF4 /* Ext_UIImageView.swift */ = {isa = PBXFileReference; fileEncoding = 4; lastKnownFileType = sourcecode.swift; path = Ext_UIImageView.swift; sourceTree = "<group>"; };
		44BE95371D8A6916004FFDF4 /* BlockButton.swift */ = {isa = PBXFileReference; fileEncoding = 4; lastKnownFileType = sourcecode.swift; path = BlockButton.swift; sourceTree = "<group>"; };
		44BE95381D8A6916004FFDF4 /* BlockLongPress.swift */ = {isa = PBXFileReference; fileEncoding = 4; lastKnownFileType = sourcecode.swift; path = BlockLongPress.swift; sourceTree = "<group>"; };
		44BE95391D8A6916004FFDF4 /* BlockPan.swift */ = {isa = PBXFileReference; fileEncoding = 4; lastKnownFileType = sourcecode.swift; path = BlockPan.swift; sourceTree = "<group>"; };
		44BE953A1D8A6916004FFDF4 /* BlockPinch.swift */ = {isa = PBXFileReference; fileEncoding = 4; lastKnownFileType = sourcecode.swift; path = BlockPinch.swift; sourceTree = "<group>"; };
		44BE953B1D8A6916004FFDF4 /* BlockSwipe.swift */ = {isa = PBXFileReference; fileEncoding = 4; lastKnownFileType = sourcecode.swift; path = BlockSwipe.swift; sourceTree = "<group>"; };
		44BE953C1D8A6916004FFDF4 /* BlockTap.swift */ = {isa = PBXFileReference; fileEncoding = 4; lastKnownFileType = sourcecode.swift; path = BlockTap.swift; sourceTree = "<group>"; };
		44BE953D1D8A6916004FFDF4 /* BlockWebView.swift */ = {isa = PBXFileReference; fileEncoding = 4; lastKnownFileType = sourcecode.swift; path = BlockWebView.swift; sourceTree = "<group>"; };
		44E6654F1E65B9A000B6A02F /* readme.rtf */ = {isa = PBXFileReference; fileEncoding = 4; lastKnownFileType = text.rtf; path = readme.rtf; sourceTree = "<group>"; };
		44E665511E65BDB600B6A02F /* Ext_example.swift */ = {isa = PBXFileReference; fileEncoding = 4; lastKnownFileType = sourcecode.swift; path = Ext_example.swift; sourceTree = "<group>"; };
		44E665531E6706EA00B6A02F /* EZSwiftFunctions.swift */ = {isa = PBXFileReference; fileEncoding = 4; lastKnownFileType = sourcecode.swift; path = EZSwiftFunctions.swift; sourceTree = "<group>"; };
		44F030F01E5C6C150059B587 /* Ext_UIApplication.swift */ = {isa = PBXFileReference; fileEncoding = 4; lastKnownFileType = sourcecode.swift; path = Ext_UIApplication.swift; sourceTree = "<group>"; };
		44F030F41E5C6C250059B587 /* Ext_UIButton.swift */ = {isa = PBXFileReference; fileEncoding = 4; lastKnownFileType = sourcecode.swift; path = Ext_UIButton.swift; sourceTree = "<group>"; };
		44F030F61E5C6D130059B587 /* Ext_DispatchQueue.swift */ = {isa = PBXFileReference; fileEncoding = 4; lastKnownFileType = sourcecode.swift; path = Ext_DispatchQueue.swift; sourceTree = "<group>"; };
		C20B84011D6BFCC600C12286 /* SimpleLib.framework */ = {isa = PBXFileReference; explicitFileType = wrapper.framework; includeInIndex = 0; path = SimpleLib.framework; sourceTree = BUILT_PRODUCTS_DIR; };
		C20B84041D6BFCC700C12286 /* SimpleLib.h */ = {isa = PBXFileReference; lastKnownFileType = sourcecode.c.h; path = SimpleLib.h; sourceTree = "<group>"; };
		C20B84061D6BFCC700C12286 /* Info.plist */ = {isa = PBXFileReference; lastKnownFileType = text.plist.xml; path = Info.plist; sourceTree = "<group>"; };
		C20B841C1D6BFD0A00C12286 /* AnimationBarButton.swift */ = {isa = PBXFileReference; fileEncoding = 4; lastKnownFileType = sourcecode.swift; path = AnimationBarButton.swift; sourceTree = "<group>"; };
		C20B841E1D6BFD0A00C12286 /* Rotatable.swift */ = {isa = PBXFileReference; fileEncoding = 4; lastKnownFileType = sourcecode.swift; path = Rotatable.swift; sourceTree = "<group>"; };
		C20B84201D6BFD0A00C12286 /* ExpandingTableViewController.swift */ = {isa = PBXFileReference; fileEncoding = 4; lastKnownFileType = sourcecode.swift; path = ExpandingTableViewController.swift; sourceTree = "<group>"; };
		C20B84241D6BFD0A00C12286 /* BasePageCollectionCell.swift */ = {isa = PBXFileReference; fileEncoding = 4; lastKnownFileType = sourcecode.swift; path = BasePageCollectionCell.swift; sourceTree = "<group>"; };
		C20B84261D6BFD0A00C12286 /* PageCollectionLayout.swift */ = {isa = PBXFileReference; fileEncoding = 4; lastKnownFileType = sourcecode.swift; path = PageCollectionLayout.swift; sourceTree = "<group>"; };
		C20B84271D6BFD0A00C12286 /* PageCollectionView.swift */ = {isa = PBXFileReference; fileEncoding = 4; lastKnownFileType = sourcecode.swift; path = PageCollectionView.swift; sourceTree = "<group>"; };
		C20B84281D6BFD0A00C12286 /* ExpandingViewController.swift */ = {isa = PBXFileReference; fileEncoding = 4; lastKnownFileType = sourcecode.swift; path = ExpandingViewController.swift; sourceTree = "<group>"; };
		C20B842A1D6BFD0A00C12286 /* Ext_CCLocation.swift */ = {isa = PBXFileReference; fileEncoding = 4; lastKnownFileType = sourcecode.swift; path = Ext_CCLocation.swift; sourceTree = "<group>"; };
		C20B842B1D6BFD0A00C12286 /* Ext_NSCoding.swift */ = {isa = PBXFileReference; fileEncoding = 4; lastKnownFileType = sourcecode.swift; path = Ext_NSCoding.swift; sourceTree = "<group>"; };
		C20B842C1D6BFD0A00C12286 /* Ext_NSData.swift */ = {isa = PBXFileReference; fileEncoding = 4; lastKnownFileType = sourcecode.swift; path = Ext_NSData.swift; sourceTree = "<group>"; };
		C20B842D1D6BFD0A00C12286 /* Ext_NSDate.swift */ = {isa = PBXFileReference; fileEncoding = 4; lastKnownFileType = sourcecode.swift; path = Ext_NSDate.swift; sourceTree = "<group>"; };
		C20B842E1D6BFD0A00C12286 /* Ext_NSString.swift */ = {isa = PBXFileReference; fileEncoding = 4; lastKnownFileType = sourcecode.swift; path = Ext_NSString.swift; sourceTree = "<group>"; };
		C20B842F1D6BFD0A00C12286 /* Ext_String.swift */ = {isa = PBXFileReference; fileEncoding = 4; lastKnownFileType = sourcecode.swift; path = Ext_String.swift; sourceTree = "<group>"; };
		C20B84301D6BFD0A00C12286 /* Ext_UIColor.swift */ = {isa = PBXFileReference; fileEncoding = 4; lastKnownFileType = sourcecode.swift; path = Ext_UIColor.swift; sourceTree = "<group>"; };
		C20B84311D6BFD0A00C12286 /* Ext_UIDevice.swift */ = {isa = PBXFileReference; fileEncoding = 4; lastKnownFileType = sourcecode.swift; path = Ext_UIDevice.swift; sourceTree = "<group>"; };
		C20B84321D6BFD0A00C12286 /* Ext_UIImage.swift */ = {isa = PBXFileReference; fileEncoding = 4; lastKnownFileType = sourcecode.swift; path = Ext_UIImage.swift; sourceTree = "<group>"; };
		C20B84331D6BFD0A00C12286 /* Ext_UINavigationBar.swift */ = {isa = PBXFileReference; fileEncoding = 4; lastKnownFileType = sourcecode.swift; path = Ext_UINavigationBar.swift; sourceTree = "<group>"; };
		C20B84341D6BFD0A00C12286 /* Ext_UINavigationController.swift */ = {isa = PBXFileReference; fileEncoding = 4; lastKnownFileType = sourcecode.swift; path = Ext_UINavigationController.swift; sourceTree = "<group>"; };
		C20B84351D6BFD0A00C12286 /* Ext_UIScreen.swift */ = {isa = PBXFileReference; fileEncoding = 4; lastKnownFileType = sourcecode.swift; path = Ext_UIScreen.swift; sourceTree = "<group>"; };
		C20B84361D6BFD0A00C12286 /* Ext_UIStoryboard.swift */ = {isa = PBXFileReference; fileEncoding = 4; lastKnownFileType = sourcecode.swift; path = Ext_UIStoryboard.swift; sourceTree = "<group>"; };
		C20B84371D6BFD0A00C12286 /* Ext_UITableView.swift */ = {isa = PBXFileReference; fileEncoding = 4; lastKnownFileType = sourcecode.swift; path = Ext_UITableView.swift; sourceTree = "<group>"; };
		C20B84381D6BFD0A00C12286 /* Ext_UIView.swift */ = {isa = PBXFileReference; fileEncoding = 4; lastKnownFileType = sourcecode.swift; path = Ext_UIView.swift; sourceTree = "<group>"; };
		C20B84391D6BFD0A00C12286 /* Ext_UIViewController.swift */ = {isa = PBXFileReference; fileEncoding = 4; lastKnownFileType = sourcecode.swift; path = Ext_UIViewController.swift; sourceTree = "<group>"; };
		C20B843D1D6BFD0A00C12286 /* CornerAnimatable.swift */ = {isa = PBXFileReference; fileEncoding = 4; lastKnownFileType = sourcecode.swift; path = CornerAnimatable.swift; sourceTree = "<group>"; };
		C20B843F1D6BFD0A00C12286 /* ConfigurationHelper.swift */ = {isa = PBXFileReference; fileEncoding = 4; lastKnownFileType = sourcecode.swift; path = ConfigurationHelper.swift; sourceTree = "<group>"; };
		C20B84411D6BFD0A00C12286 /* ConstraintsHelper.swift */ = {isa = PBXFileReference; fileEncoding = 4; lastKnownFileType = sourcecode.swift; path = ConstraintsHelper.swift; sourceTree = "<group>"; };
		C20B84431D6BFD0A00C12286 /* ScreenShotHelper.swift */ = {isa = PBXFileReference; fileEncoding = 4; lastKnownFileType = sourcecode.swift; path = ScreenShotHelper.swift; sourceTree = "<group>"; };
		C20B84451D6BFD0A00C12286 /* SubviewsForEach.swift */ = {isa = PBXFileReference; fileEncoding = 4; lastKnownFileType = sourcecode.swift; path = SubviewsForEach.swift; sourceTree = "<group>"; };
		C20B84631D6BFD1E00C12286 /* KMWeakObjectContainer.swift */ = {isa = PBXFileReference; fileEncoding = 4; lastKnownFileType = sourcecode.swift; path = KMWeakObjectContainer.swift; sourceTree = "<group>"; };
		C20B84641D6BFD1E00C12286 /* MethodSwizzling.swift */ = {isa = PBXFileReference; fileEncoding = 4; lastKnownFileType = sourcecode.swift; path = MethodSwizzling.swift; sourceTree = "<group>"; };
		C20B84661D6BFD1E00C12286 /* NavigationBarData.swift */ = {isa = PBXFileReference; fileEncoding = 4; lastKnownFileType = sourcecode.swift; path = NavigationBarData.swift; sourceTree = "<group>"; };
		C20B84781D6BFD2600C12286 /* TransitionDriver.swift */ = {isa = PBXFileReference; fileEncoding = 4; lastKnownFileType = sourcecode.swift; path = TransitionDriver.swift; sourceTree = "<group>"; };
		C20B847A1D6BFD2600C12286 /* AuthcodeView.swift */ = {isa = PBXFileReference; fileEncoding = 4; lastKnownFileType = sourcecode.swift; path = AuthcodeView.swift; sourceTree = "<group>"; };
		C20B847C1D6BFD2600C12286 /* AnyCache.swift */ = {isa = PBXFileReference; fileEncoding = 4; lastKnownFileType = sourcecode.swift; path = AnyCache.swift; sourceTree = "<group>"; };
		C20B847D1D6BFD2600C12286 /* Box.swift */ = {isa = PBXFileReference; fileEncoding = 4; lastKnownFileType = sourcecode.swift; path = Box.swift; sourceTree = "<group>"; };
		C20B847E1D6BFD2600C12286 /* Cache.swift */ = {isa = PBXFileReference; fileEncoding = 4; lastKnownFileType = sourcecode.swift; path = Cache.swift; sourceTree = "<group>"; };
		C20B847F1D6BFD2600C12286 /* DiskCache.swift */ = {isa = PBXFileReference; fileEncoding = 4; lastKnownFileType = sourcecode.swift; path = DiskCache.swift; sourceTree = "<group>"; };
		C20B84801D6BFD2600C12286 /* MemoryCache.swift */ = {isa = PBXFileReference; fileEncoding = 4; lastKnownFileType = sourcecode.swift; path = MemoryCache.swift; sourceTree = "<group>"; };
		C20B84811D6BFD2600C12286 /* MultiCache.swift */ = {isa = PBXFileReference; fileEncoding = 4; lastKnownFileType = sourcecode.swift; path = MultiCache.swift; sourceTree = "<group>"; };
		C20B84821D6BFD2600C12286 /* Duration.swift */ = {isa = PBXFileReference; fileEncoding = 4; lastKnownFileType = sourcecode.swift; path = Duration.swift; sourceTree = "<group>"; };
		C20B84831D6BFD2600C12286 /* ICanHas.swift */ = {isa = PBXFileReference; fileEncoding = 4; lastKnownFileType = sourcecode.swift; path = ICanHas.swift; sourceTree = "<group>"; };
		C20B84841D6BFD2600C12286 /* ImageResizingMethods.swift */ = {isa = PBXFileReference; fileEncoding = 4; lastKnownFileType = sourcecode.swift; path = ImageResizingMethods.swift; sourceTree = "<group>"; };
		C20B84851D6BFD2600C12286 /* Location_Func.swift */ = {isa = PBXFileReference; fileEncoding = 4; lastKnownFileType = sourcecode.swift; path = Location_Func.swift; sourceTree = "<group>"; };
		C20B84861D6BFD2600C12286 /* PlistUtil.swift */ = {isa = PBXFileReference; fileEncoding = 4; lastKnownFileType = sourcecode.swift; path = PlistUtil.swift; sourceTree = "<group>"; };
		C20B84871D6BFD2600C12286 /* Public_Func.swift */ = {isa = PBXFileReference; fileEncoding = 4; lastKnownFileType = sourcecode.swift; path = Public_Func.swift; sourceTree = "<group>"; };
		C20B84891D6BFD2600C12286 /* AnimatedSegmentSwitch.swift */ = {isa = PBXFileReference; fileEncoding = 4; lastKnownFileType = sourcecode.swift; path = AnimatedSegmentSwitch.swift; sourceTree = "<group>"; };
		C20B848A1D6BFD2600C12286 /* FoldingCell.swift */ = {isa = PBXFileReference; fileEncoding = 4; lastKnownFileType = sourcecode.swift; path = FoldingCell.swift; sourceTree = "<group>"; };
		C20B848B1D6BFD2600C12286 /* JTSplashView.swift */ = {isa = PBXFileReference; fileEncoding = 4; lastKnownFileType = sourcecode.swift; path = JTSplashView.swift; sourceTree = "<group>"; };
		C20B848C1D6BFD2600C12286 /* KCSelectionDialog.swift */ = {isa = PBXFileReference; fileEncoding = 4; lastKnownFileType = sourcecode.swift; path = KCSelectionDialog.swift; sourceTree = "<group>"; };
		C20B848D1D6BFD2600C12286 /* KCSelectionDialogItem.swift */ = {isa = PBXFileReference; fileEncoding = 4; lastKnownFileType = sourcecode.swift; path = KCSelectionDialogItem.swift; sourceTree = "<group>"; };
		C20B848E1D6BFD2600C12286 /* KDInteractiveNavigationController.swift */ = {isa = PBXFileReference; fileEncoding = 4; lastKnownFileType = sourcecode.swift; path = KDInteractiveNavigationController.swift; sourceTree = "<group>"; };
		C20B848F1D6BFD2600C12286 /* NavigationBarColorSource.swift */ = {isa = PBXFileReference; fileEncoding = 4; lastKnownFileType = sourcecode.swift; path = NavigationBarColorSource.swift; sourceTree = "<group>"; };
		C22758B21D6C157D008C1F18 /* AppCommon.swift */ = {isa = PBXFileReference; fileEncoding = 4; lastKnownFileType = sourcecode.swift; path = AppCommon.swift; sourceTree = "<group>"; };
/* End PBXFileReference section */

/* Begin PBXFrameworksBuildPhase section */
		442254BE1E5EE0CD00A62376 /* Frameworks */ = {
			isa = PBXFrameworksBuildPhase;
			buildActionMask = 2147483647;
			files = (
				442254C61E5EE0CD00A62376 /* SimpleLib.framework in Frameworks */,
			);
			runOnlyForDeploymentPostprocessing = 0;
		};
		C20B83FD1D6BFCC600C12286 /* Frameworks */ = {
			isa = PBXFrameworksBuildPhase;
			buildActionMask = 2147483647;
			files = (
			);
			runOnlyForDeploymentPostprocessing = 0;
		};
/* End PBXFrameworksBuildPhase section */

/* Begin PBXGroup section */
		442254C21E5EE0CD00A62376 /* SimpleLibTests */ = {
			isa = PBXGroup;
			children = (
				442254C31E5EE0CD00A62376 /* SimpleLibTests.swift */,
				442254C51E5EE0CD00A62376 /* Info.plist */,
			);
			path = SimpleLibTests;
			sourceTree = "<group>";
		};
		44BE95361D8A6916004FFDF4 /* Block */ = {
			isa = PBXGroup;
			children = (
				44BE95371D8A6916004FFDF4 /* BlockButton.swift */,
				44BE95381D8A6916004FFDF4 /* BlockLongPress.swift */,
				44BE95391D8A6916004FFDF4 /* BlockPan.swift */,
				44BE953A1D8A6916004FFDF4 /* BlockPinch.swift */,
				44BE953B1D8A6916004FFDF4 /* BlockSwipe.swift */,
				44BE953C1D8A6916004FFDF4 /* BlockTap.swift */,
				44BE953D1D8A6916004FFDF4 /* BlockWebView.swift */,
			);
			path = Block;
			sourceTree = "<group>";
		};
		C20B83F71D6BFCC600C12286 = {
			isa = PBXGroup;
			children = (
				44E6654F1E65B9A000B6A02F /* readme.rtf */,
				C20B84031D6BFCC700C12286 /* SimpleLib */,
				442254C21E5EE0CD00A62376 /* SimpleLibTests */,
				C20B84021D6BFCC600C12286 /* Products */,
			);
			sourceTree = "<group>";
		};
		C20B84021D6BFCC600C12286 /* Products */ = {
			isa = PBXGroup;
			children = (
				C20B84011D6BFCC600C12286 /* SimpleLib.framework */,
				442254C11E5EE0CD00A62376 /* SimpleLibTests.xctest */,
			);
			name = Products;
			sourceTree = "<group>";
		};
		C20B84031D6BFCC700C12286 /* SimpleLib */ = {
			isa = PBXGroup;
			children = (
				44BE95361D8A6916004FFDF4 /* Block */,
				C22758B21D6C157D008C1F18 /* AppCommon.swift */,
				C20B84771D6BFD2600C12286 /* TransitionDriver */,
				C20B84791D6BFD2600C12286 /* Utils */,
				C20B84881D6BFD2600C12286 /* Widget */,
				C20B84621D6BFD1E00C12286 /* KMNavigationBarTransition */,
				C20B84651D6BFD1E00C12286 /* Model */,
				C20B841B1D6BFD0A00C12286 /* AnimatingBarButton */,
				C20B841F1D6BFD0A00C12286 /* ExpandingTableViewController */,
				C20B84211D6BFD0A00C12286 /* ExpandingViewController */,
				C20B84291D6BFD0A00C12286 /* Extension */,
				C20B843A1D6BFD0A00C12286 /* Helpers */,
				C20B84041D6BFCC700C12286 /* SimpleLib.h */,
				C20B84061D6BFCC700C12286 /* Info.plist */,
			);
			path = SimpleLib;
			sourceTree = "<group>";
		};
		C20B841B1D6BFD0A00C12286 /* AnimatingBarButton */ = {
			isa = PBXGroup;
			children = (
				C20B841C1D6BFD0A00C12286 /* AnimationBarButton.swift */,
				C20B841D1D6BFD0A00C12286 /* Animations */,
			);
			path = AnimatingBarButton;
			sourceTree = "<group>";
		};
		C20B841D1D6BFD0A00C12286 /* Animations */ = {
			isa = PBXGroup;
			children = (
				C20B841E1D6BFD0A00C12286 /* Rotatable.swift */,
			);
			path = Animations;
			sourceTree = "<group>";
		};
		C20B841F1D6BFD0A00C12286 /* ExpandingTableViewController */ = {
			isa = PBXGroup;
			children = (
				C20B84201D6BFD0A00C12286 /* ExpandingTableViewController.swift */,
			);
			path = ExpandingTableViewController;
			sourceTree = "<group>";
		};
		C20B84211D6BFD0A00C12286 /* ExpandingViewController */ = {
			isa = PBXGroup;
			children = (
				C20B84221D6BFD0A00C12286 /* CollectionView */,
				C20B84281D6BFD0A00C12286 /* ExpandingViewController.swift */,
			);
			path = ExpandingViewController;
			sourceTree = "<group>";
		};
		C20B84221D6BFD0A00C12286 /* CollectionView */ = {
			isa = PBXGroup;
			children = (
				C20B84231D6BFD0A00C12286 /* Cells */,
				C20B84251D6BFD0A00C12286 /* Layout */,
				C20B84271D6BFD0A00C12286 /* PageCollectionView.swift */,
			);
			path = CollectionView;
			sourceTree = "<group>";
		};
		C20B84231D6BFD0A00C12286 /* Cells */ = {
			isa = PBXGroup;
			children = (
				C20B84241D6BFD0A00C12286 /* BasePageCollectionCell.swift */,
			);
			path = Cells;
			sourceTree = "<group>";
		};
		C20B84251D6BFD0A00C12286 /* Layout */ = {
			isa = PBXGroup;
			children = (
				C20B84261D6BFD0A00C12286 /* PageCollectionLayout.swift */,
			);
			path = Layout;
			sourceTree = "<group>";
		};
		C20B84291D6BFD0A00C12286 /* Extension */ = {
			isa = PBXGroup;
			children = (
				44F030F41E5C6C250059B587 /* Ext_UIButton.swift */,
				44F030F01E5C6C150059B587 /* Ext_UIApplication.swift */,
				C20B842A1D6BFD0A00C12286 /* Ext_CCLocation.swift */,
				C20B842B1D6BFD0A00C12286 /* Ext_NSCoding.swift */,
				C20B842C1D6BFD0A00C12286 /* Ext_NSData.swift */,
				C20B842D1D6BFD0A00C12286 /* Ext_NSDate.swift */,
				C20B842E1D6BFD0A00C12286 /* Ext_NSString.swift */,
				C20B842F1D6BFD0A00C12286 /* Ext_String.swift */,
				C20B84301D6BFD0A00C12286 /* Ext_UIColor.swift */,
				C20B84311D6BFD0A00C12286 /* Ext_UIDevice.swift */,
				C20B84321D6BFD0A00C12286 /* Ext_UIImage.swift */,
				C20B84331D6BFD0A00C12286 /* Ext_UINavigationBar.swift */,
				C20B84341D6BFD0A00C12286 /* Ext_UINavigationController.swift */,
				C20B84351D6BFD0A00C12286 /* Ext_UIScreen.swift */,
				C20B84361D6BFD0A00C12286 /* Ext_UIStoryboard.swift */,
				C20B84371D6BFD0A00C12286 /* Ext_UITableView.swift */,
				C20B84381D6BFD0A00C12286 /* Ext_UIView.swift */,
				C20B84391D6BFD0A00C12286 /* Ext_UIViewController.swift */,
				44BE95321D8A6104004FFDF4 /* Ext_UILabel.swift */,
				44BE95341D8A67F6004FFDF4 /* Ext_UIImageView.swift */,
				446885C81D940ACE004E76E7 /* Ext_UITextView.swift */,
				44F030F61E5C6D130059B587 /* Ext_DispatchQueue.swift */,
				44E665511E65BDB600B6A02F /* Ext_example.swift */,
				44E665531E6706EA00B6A02F /* EZSwiftFunctions.swift */,
				443EB7431E80D00600C76EBF /* Ext_UserDefaults.swift */,
			);
			path = Extension;
			sourceTree = "<group>";
		};
		C20B843A1D6BFD0A00C12286 /* Helpers */ = {
			isa = PBXGroup;
			children = (
				C20B843B1D6BFD0A00C12286 /* Animations */,
				C20B843E1D6BFD0A00C12286 /* ConfigurationHelper */,
				C20B84401D6BFD0A00C12286 /* Constraints Helpers */,
				C20B84421D6BFD0A00C12286 /* ScreenShot */,
				C20B84441D6BFD0A00C12286 /* SubviewsForEach */,
			);
			path = Helpers;
			sourceTree = "<group>";
		};
		C20B843B1D6BFD0A00C12286 /* Animations */ = {
			isa = PBXGroup;
			children = (
				C20B843C1D6BFD0A00C12286 /* CornerAnimatable */,
			);
			path = Animations;
			sourceTree = "<group>";
		};
		C20B843C1D6BFD0A00C12286 /* CornerAnimatable */ = {
			isa = PBXGroup;
			children = (
				C20B843D1D6BFD0A00C12286 /* CornerAnimatable.swift */,
			);
			path = CornerAnimatable;
			sourceTree = "<group>";
		};
		C20B843E1D6BFD0A00C12286 /* ConfigurationHelper */ = {
			isa = PBXGroup;
			children = (
				C20B843F1D6BFD0A00C12286 /* ConfigurationHelper.swift */,
			);
			path = ConfigurationHelper;
			sourceTree = "<group>";
		};
		C20B84401D6BFD0A00C12286 /* Constraints Helpers */ = {
			isa = PBXGroup;
			children = (
				C20B84411D6BFD0A00C12286 /* ConstraintsHelper.swift */,
			);
			path = "Constraints Helpers";
			sourceTree = "<group>";
		};
		C20B84421D6BFD0A00C12286 /* ScreenShot */ = {
			isa = PBXGroup;
			children = (
				C20B84431D6BFD0A00C12286 /* ScreenShotHelper.swift */,
			);
			path = ScreenShot;
			sourceTree = "<group>";
		};
		C20B84441D6BFD0A00C12286 /* SubviewsForEach */ = {
			isa = PBXGroup;
			children = (
				C20B84451D6BFD0A00C12286 /* SubviewsForEach.swift */,
			);
			path = SubviewsForEach;
			sourceTree = "<group>";
		};
		C20B84621D6BFD1E00C12286 /* KMNavigationBarTransition */ = {
			isa = PBXGroup;
			children = (
				C20B84631D6BFD1E00C12286 /* KMWeakObjectContainer.swift */,
				C20B84641D6BFD1E00C12286 /* MethodSwizzling.swift */,
			);
			path = KMNavigationBarTransition;
			sourceTree = "<group>";
		};
		C20B84651D6BFD1E00C12286 /* Model */ = {
			isa = PBXGroup;
			children = (
				C20B84661D6BFD1E00C12286 /* NavigationBarData.swift */,
			);
			path = Model;
			sourceTree = "<group>";
		};
		C20B84771D6BFD2600C12286 /* TransitionDriver */ = {
			isa = PBXGroup;
			children = (
				C20B84781D6BFD2600C12286 /* TransitionDriver.swift */,
			);
			path = TransitionDriver;
			sourceTree = "<group>";
		};
		C20B84791D6BFD2600C12286 /* Utils */ = {
			isa = PBXGroup;
			children = (
				C20B847A1D6BFD2600C12286 /* AuthcodeView.swift */,
				C20B847B1D6BFD2600C12286 /* CacheHelper */,
				C20B84821D6BFD2600C12286 /* Duration.swift */,
				C20B84831D6BFD2600C12286 /* ICanHas.swift */,
				C20B84841D6BFD2600C12286 /* ImageResizingMethods.swift */,
				C20B84851D6BFD2600C12286 /* Location_Func.swift */,
				C20B84861D6BFD2600C12286 /* PlistUtil.swift */,
				C20B84871D6BFD2600C12286 /* Public_Func.swift */,
			);
			path = Utils;
			sourceTree = "<group>";
		};
		C20B847B1D6BFD2600C12286 /* CacheHelper */ = {
			isa = PBXGroup;
			children = (
				C20B847C1D6BFD2600C12286 /* AnyCache.swift */,
				C20B847D1D6BFD2600C12286 /* Box.swift */,
				C20B847E1D6BFD2600C12286 /* Cache.swift */,
				C20B847F1D6BFD2600C12286 /* DiskCache.swift */,
				C20B84801D6BFD2600C12286 /* MemoryCache.swift */,
				C20B84811D6BFD2600C12286 /* MultiCache.swift */,
			);
			path = CacheHelper;
			sourceTree = "<group>";
		};
		C20B84881D6BFD2600C12286 /* Widget */ = {
			isa = PBXGroup;
			children = (
				C20B84891D6BFD2600C12286 /* AnimatedSegmentSwitch.swift */,
				C20B848A1D6BFD2600C12286 /* FoldingCell.swift */,
				C20B848B1D6BFD2600C12286 /* JTSplashView.swift */,
				C20B848C1D6BFD2600C12286 /* KCSelectionDialog.swift */,
				C20B848D1D6BFD2600C12286 /* KCSelectionDialogItem.swift */,
				C20B848E1D6BFD2600C12286 /* KDInteractiveNavigationController.swift */,
				C20B848F1D6BFD2600C12286 /* NavigationBarColorSource.swift */,
				44A9C4721D96CC8700F09E6A /* KDEDateLabel.swift */,
				44A9C4741D96CD9400F09E6A /* ExpandableLabel.swift */,
				44A9C4761D96CF1500F09E6A /* CLTypingLabel.swift */,
			);
			path = Widget;
			sourceTree = "<group>";
		};
/* End PBXGroup section */

/* Begin PBXHeadersBuildPhase section */
		C20B83FE1D6BFCC600C12286 /* Headers */ = {
			isa = PBXHeadersBuildPhase;
			buildActionMask = 2147483647;
			files = (
				C20B84051D6BFCC700C12286 /* SimpleLib.h in Headers */,
			);
			runOnlyForDeploymentPostprocessing = 0;
		};
/* End PBXHeadersBuildPhase section */

/* Begin PBXNativeTarget section */
		442254C01E5EE0CD00A62376 /* SimpleLibTests */ = {
			isa = PBXNativeTarget;
			buildConfigurationList = 442254CB1E5EE0CD00A62376 /* Build configuration list for PBXNativeTarget "SimpleLibTests" */;
			buildPhases = (
				442254BD1E5EE0CD00A62376 /* Sources */,
				442254BE1E5EE0CD00A62376 /* Frameworks */,
				442254BF1E5EE0CD00A62376 /* Resources */,
			);
			buildRules = (
			);
			dependencies = (
				442254C81E5EE0CD00A62376 /* PBXTargetDependency */,
			);
			name = SimpleLibTests;
			productName = SimpleLibTests;
			productReference = 442254C11E5EE0CD00A62376 /* SimpleLibTests.xctest */;
			productType = "com.apple.product-type.bundle.unit-test";
		};
		C20B84001D6BFCC600C12286 /* SimpleLib */ = {
			isa = PBXNativeTarget;
			buildConfigurationList = C20B84151D6BFCC700C12286 /* Build configuration list for PBXNativeTarget "SimpleLib" */;
			buildPhases = (
				C20B83FC1D6BFCC600C12286 /* Sources */,
				C20B83FD1D6BFCC600C12286 /* Frameworks */,
				C20B83FE1D6BFCC600C12286 /* Headers */,
				C20B83FF1D6BFCC600C12286 /* Resources */,
			);
			buildRules = (
			);
			dependencies = (
			);
			name = SimpleLib;
			productName = SimpleLib;
			productReference = C20B84011D6BFCC600C12286 /* SimpleLib.framework */;
			productType = "com.apple.product-type.framework";
		};
/* End PBXNativeTarget section */

/* Begin PBXProject section */
		C20B83F81D6BFCC600C12286 /* Project object */ = {
			isa = PBXProject;
			attributes = {
				LastSwiftUpdateCheck = 0820;
				LastUpgradeCheck = 0820;
				ORGANIZATIONNAME = rockgarden;
				TargetAttributes = {
					442254C01E5EE0CD00A62376 = {
						CreatedOnToolsVersion = 8.2.1;
						DevelopmentTeam = W3MH7MTTSB;
						ProvisioningStyle = Automatic;
					};
					C20B84001D6BFCC600C12286 = {
						CreatedOnToolsVersion = 7.3;
						LastSwiftMigration = 0820;
					};
				};
			};
			buildConfigurationList = C20B83FB1D6BFCC600C12286 /* Build configuration list for PBXProject "SimpleLib" */;
			compatibilityVersion = "Xcode 3.2";
			developmentRegion = English;
			hasScannedForEncodings = 0;
			knownRegions = (
				en,
			);
			mainGroup = C20B83F71D6BFCC600C12286;
			productRefGroup = C20B84021D6BFCC600C12286 /* Products */;
			projectDirPath = "";
			projectRoot = "";
			targets = (
				C20B84001D6BFCC600C12286 /* SimpleLib */,
				442254C01E5EE0CD00A62376 /* SimpleLibTests */,
			);
		};
/* End PBXProject section */

/* Begin PBXResourcesBuildPhase section */
		442254BF1E5EE0CD00A62376 /* Resources */ = {
			isa = PBXResourcesBuildPhase;
			buildActionMask = 2147483647;
			files = (
			);
			runOnlyForDeploymentPostprocessing = 0;
		};
		C20B83FF1D6BFCC600C12286 /* Resources */ = {
			isa = PBXResourcesBuildPhase;
			buildActionMask = 2147483647;
			files = (
				44E665501E65B9A000B6A02F /* readme.rtf in Resources */,
			);
			runOnlyForDeploymentPostprocessing = 0;
		};
/* End PBXResourcesBuildPhase section */

/* Begin PBXSourcesBuildPhase section */
		442254BD1E5EE0CD00A62376 /* Sources */ = {
			isa = PBXSourcesBuildPhase;
			buildActionMask = 2147483647;
			files = (
				442254C41E5EE0CD00A62376 /* SimpleLibTests.swift in Sources */,
			);
			runOnlyForDeploymentPostprocessing = 0;
		};
		C20B83FC1D6BFCC600C12286 /* Sources */ = {
			isa = PBXSourcesBuildPhase;
			buildActionMask = 2147483647;
			files = (
				443EB7441E80D00600C76EBF /* Ext_UserDefaults.swift in Sources */,
				C20B84A41D6BFD2600C12286 /* NavigationBarColorSource.swift in Sources */,
				C20B849D1D6BFD2600C12286 /* Public_Func.swift in Sources */,
				C20B84921D6BFD2600C12286 /* AnyCache.swift in Sources */,
				C20B849A1D6BFD2600C12286 /* ImageResizingMethods.swift in Sources */,
				C22758B31D6C157D008C1F18 /* AppCommon.swift in Sources */,
				C20B845D1D6BFD0A00C12286 /* CornerAnimatable.swift in Sources */,
				C20B84A11D6BFD2600C12286 /* KCSelectionDialog.swift in Sources */,
				C20B84A01D6BFD2600C12286 /* JTSplashView.swift in Sources */,
				44BE95411D8A6916004FFDF4 /* BlockPinch.swift in Sources */,
				C20B84591D6BFD0A00C12286 /* Ext_UIStoryboard.swift in Sources */,
				C20B84581D6BFD0A00C12286 /* Ext_UIScreen.swift in Sources */,
				44E665541E6706EA00B6A02F /* EZSwiftFunctions.swift in Sources */,
				C20B84471D6BFD0A00C12286 /* Rotatable.swift in Sources */,
				C20B84951D6BFD2600C12286 /* DiskCache.swift in Sources */,
				C20B84611D6BFD0A00C12286 /* SubviewsForEach.swift in Sources */,
				C20B84601D6BFD0A00C12286 /* ScreenShotHelper.swift in Sources */,
				C20B84511D6BFD0A00C12286 /* Ext_NSString.swift in Sources */,
				C20B84461D6BFD0A00C12286 /* AnimationBarButton.swift in Sources */,
				C20B84531D6BFD0A00C12286 /* Ext_UIColor.swift in Sources */,
				C20B84991D6BFD2600C12286 /* ICanHas.swift in Sources */,
				44BE95401D8A6916004FFDF4 /* BlockPan.swift in Sources */,
				C20B84961D6BFD2600C12286 /* MemoryCache.swift in Sources */,
				C20B84521D6BFD0A00C12286 /* Ext_String.swift in Sources */,
				44F030F11E5C6C150059B587 /* Ext_UIApplication.swift in Sources */,
				C20B84971D6BFD2600C12286 /* MultiCache.swift in Sources */,
				44A9C4771D96CF1500F09E6A /* CLTypingLabel.swift in Sources */,
				C20B84981D6BFD2600C12286 /* Duration.swift in Sources */,
				C20B84911D6BFD2600C12286 /* AuthcodeView.swift in Sources */,
				C20B844A1D6BFD0A00C12286 /* PageCollectionLayout.swift in Sources */,
				C20B84481D6BFD0A00C12286 /* ExpandingTableViewController.swift in Sources */,
				44A9C4751D96CD9400F09E6A /* ExpandableLabel.swift in Sources */,
				C20B844F1D6BFD0A00C12286 /* Ext_NSData.swift in Sources */,
				44BE95431D8A6916004FFDF4 /* BlockTap.swift in Sources */,
				C20B84561D6BFD0A00C12286 /* Ext_UINavigationBar.swift in Sources */,
				C20B849C1D6BFD2600C12286 /* PlistUtil.swift in Sources */,
				C20B84941D6BFD2600C12286 /* Cache.swift in Sources */,
				C20B849F1D6BFD2600C12286 /* FoldingCell.swift in Sources */,
				C20B845C1D6BFD0A00C12286 /* Ext_UIViewController.swift in Sources */,
				44BE95441D8A6916004FFDF4 /* BlockWebView.swift in Sources */,
				C20B84701D6BFD1F00C12286 /* NavigationBarData.swift in Sources */,
				C20B849E1D6BFD2600C12286 /* AnimatedSegmentSwitch.swift in Sources */,
				44E665521E65BDB600B6A02F /* Ext_example.swift in Sources */,
				C20B84491D6BFD0A00C12286 /* BasePageCollectionCell.swift in Sources */,
				C20B845F1D6BFD0A00C12286 /* ConstraintsHelper.swift in Sources */,
				C20B84A31D6BFD2600C12286 /* KDInteractiveNavigationController.swift in Sources */,
				44BE95421D8A6916004FFDF4 /* BlockSwipe.swift in Sources */,
				C20B84541D6BFD0A00C12286 /* Ext_UIDevice.swift in Sources */,
				44A9C4731D96CC8700F09E6A /* KDEDateLabel.swift in Sources */,
				44BE95351D8A67F6004FFDF4 /* Ext_UIImageView.swift in Sources */,
				44F030F51E5C6C250059B587 /* Ext_UIButton.swift in Sources */,
				44BE95331D8A6104004FFDF4 /* Ext_UILabel.swift in Sources */,
				44BE953E1D8A6916004FFDF4 /* BlockButton.swift in Sources */,
				C20B84A21D6BFD2600C12286 /* KCSelectionDialogItem.swift in Sources */,
				C20B844B1D6BFD0A00C12286 /* PageCollectionView.swift in Sources */,
				C20B846E1D6BFD1F00C12286 /* KMWeakObjectContainer.swift in Sources */,
				C20B849B1D6BFD2600C12286 /* Location_Func.swift in Sources */,
				C20B84901D6BFD2600C12286 /* TransitionDriver.swift in Sources */,
				C20B84571D6BFD0A00C12286 /* Ext_UINavigationController.swift in Sources */,
				C20B84931D6BFD2600C12286 /* Box.swift in Sources */,
				446885C91D940ACE004E76E7 /* Ext_UITextView.swift in Sources */,
				C20B84501D6BFD0A00C12286 /* Ext_NSDate.swift in Sources */,
				C20B845B1D6BFD0A00C12286 /* Ext_UIView.swift in Sources */,
				C20B845E1D6BFD0A00C12286 /* ConfigurationHelper.swift in Sources */,
				C20B844D1D6BFD0A00C12286 /* Ext_CCLocation.swift in Sources */,
				C20B84551D6BFD0A00C12286 /* Ext_UIImage.swift in Sources */,
				44F030F71E5C6D130059B587 /* Ext_DispatchQueue.swift in Sources */,
				44BE953F1D8A6916004FFDF4 /* BlockLongPress.swift in Sources */,
				C20B844E1D6BFD0A00C12286 /* Ext_NSCoding.swift in Sources */,
				C20B844C1D6BFD0A00C12286 /* ExpandingViewController.swift in Sources */,
				C20B846F1D6BFD1F00C12286 /* MethodSwizzling.swift in Sources */,
				C20B845A1D6BFD0A00C12286 /* Ext_UITableView.swift in Sources */,
			);
			runOnlyForDeploymentPostprocessing = 0;
		};
/* End PBXSourcesBuildPhase section */

/* Begin PBXTargetDependency section */
		442254C81E5EE0CD00A62376 /* PBXTargetDependency */ = {
			isa = PBXTargetDependency;
			target = C20B84001D6BFCC600C12286 /* SimpleLib */;
			targetProxy = 442254C71E5EE0CD00A62376 /* PBXContainerItemProxy */;
		};
/* End PBXTargetDependency section */

/* Begin XCBuildConfiguration section */
		442254C91E5EE0CD00A62376 /* Debug */ = {
			isa = XCBuildConfiguration;
			buildSettings = {
				CLANG_WARN_DOCUMENTATION_COMMENTS = YES;
				DEVELOPMENT_TEAM = W3MH7MTTSB;
				INFOPLIST_FILE = SimpleLibTests/Info.plist;
				IPHONEOS_DEPLOYMENT_TARGET = 10.2;
				LD_RUNPATH_SEARCH_PATHS = "$(inherited) @executable_path/Frameworks @loader_path/Frameworks";
				PRODUCT_BUNDLE_IDENTIFIER = "com.-rockgarden.SimpleLibTests";
				PRODUCT_NAME = "$(TARGET_NAME)";
				SWIFT_ACTIVE_COMPILATION_CONDITIONS = DEBUG;
				SWIFT_VERSION = 3.0;
			};
			name = Debug;
		};
		442254CA1E5EE0CD00A62376 /* Release */ = {
			isa = XCBuildConfiguration;
			buildSettings = {
				CLANG_WARN_DOCUMENTATION_COMMENTS = YES;
				DEVELOPMENT_TEAM = W3MH7MTTSB;
				INFOPLIST_FILE = SimpleLibTests/Info.plist;
				IPHONEOS_DEPLOYMENT_TARGET = 10.2;
				LD_RUNPATH_SEARCH_PATHS = "$(inherited) @executable_path/Frameworks @loader_path/Frameworks";
				PRODUCT_BUNDLE_IDENTIFIER = "com.-rockgarden.SimpleLibTests";
				PRODUCT_NAME = "$(TARGET_NAME)";
				SWIFT_VERSION = 3.0;
			};
			name = Release;
		};
		C20B84131D6BFCC700C12286 /* Debug */ = {
			isa = XCBuildConfiguration;
			buildSettings = {
				ALWAYS_SEARCH_USER_PATHS = NO;
				CLANG_ANALYZER_NONNULL = YES;
				CLANG_CXX_LANGUAGE_STANDARD = "gnu++0x";
				CLANG_CXX_LIBRARY = "libc++";
				CLANG_ENABLE_MODULES = YES;
				CLANG_ENABLE_OBJC_ARC = YES;
				CLANG_WARN_BOOL_CONVERSION = YES;
				CLANG_WARN_CONSTANT_CONVERSION = YES;
				CLANG_WARN_DIRECT_OBJC_ISA_USAGE = YES_ERROR;
				CLANG_WARN_EMPTY_BODY = YES;
				CLANG_WARN_ENUM_CONVERSION = YES;
				CLANG_WARN_INFINITE_RECURSION = YES;
				CLANG_WARN_INT_CONVERSION = YES;
				CLANG_WARN_OBJC_ROOT_CLASS = YES_ERROR;
				CLANG_WARN_SUSPICIOUS_MOVE = YES;
				CLANG_WARN_UNREACHABLE_CODE = YES;
				CLANG_WARN__DUPLICATE_METHOD_MATCH = YES;
				"CODE_SIGN_IDENTITY[sdk=iphoneos*]" = "iPhone Developer";
				COPY_PHASE_STRIP = NO;
				CURRENT_PROJECT_VERSION = 1;
				DEBUG_INFORMATION_FORMAT = dwarf;
				ENABLE_STRICT_OBJC_MSGSEND = YES;
				ENABLE_TESTABILITY = YES;
				GCC_C_LANGUAGE_STANDARD = gnu99;
				GCC_DYNAMIC_NO_PIC = NO;
				GCC_NO_COMMON_BLOCKS = YES;
				GCC_OPTIMIZATION_LEVEL = 0;
				GCC_PREPROCESSOR_DEFINITIONS = (
					"DEBUG=1",
					"$(inherited)",
				);
				GCC_WARN_64_TO_32_BIT_CONVERSION = YES;
				GCC_WARN_ABOUT_RETURN_TYPE = YES_ERROR;
				GCC_WARN_UNDECLARED_SELECTOR = YES;
				GCC_WARN_UNINITIALIZED_AUTOS = YES_AGGRESSIVE;
				GCC_WARN_UNUSED_FUNCTION = YES;
				GCC_WARN_UNUSED_VARIABLE = YES;
				IPHONEOS_DEPLOYMENT_TARGET = 9.3;
				MTL_ENABLE_DEBUG_INFO = YES;
				ONLY_ACTIVE_ARCH = YES;
				SDKROOT = iphoneos;
				SWIFT_OPTIMIZATION_LEVEL = "-Onone";
				TARGETED_DEVICE_FAMILY = "1,2";
				VERSIONING_SYSTEM = "apple-generic";
				VERSION_INFO_PREFIX = "";
			};
			name = Debug;
		};
		C20B84141D6BFCC700C12286 /* Release */ = {
			isa = XCBuildConfiguration;
			buildSettings = {
				ALWAYS_SEARCH_USER_PATHS = NO;
				CLANG_ANALYZER_NONNULL = YES;
				CLANG_CXX_LANGUAGE_STANDARD = "gnu++0x";
				CLANG_CXX_LIBRARY = "libc++";
				CLANG_ENABLE_MODULES = YES;
				CLANG_ENABLE_OBJC_ARC = YES;
				CLANG_WARN_BOOL_CONVERSION = YES;
				CLANG_WARN_CONSTANT_CONVERSION = YES;
				CLANG_WARN_DIRECT_OBJC_ISA_USAGE = YES_ERROR;
				CLANG_WARN_EMPTY_BODY = YES;
				CLANG_WARN_ENUM_CONVERSION = YES;
				CLANG_WARN_INFINITE_RECURSION = YES;
				CLANG_WARN_INT_CONVERSION = YES;
				CLANG_WARN_OBJC_ROOT_CLASS = YES_ERROR;
				CLANG_WARN_SUSPICIOUS_MOVE = YES;
				CLANG_WARN_UNREACHABLE_CODE = YES;
				CLANG_WARN__DUPLICATE_METHOD_MATCH = YES;
				"CODE_SIGN_IDENTITY[sdk=iphoneos*]" = "iPhone Developer";
				COPY_PHASE_STRIP = NO;
				CURRENT_PROJECT_VERSION = 1;
				DEBUG_INFORMATION_FORMAT = "dwarf-with-dsym";
				ENABLE_NS_ASSERTIONS = NO;
				ENABLE_STRICT_OBJC_MSGSEND = YES;
				GCC_C_LANGUAGE_STANDARD = gnu99;
				GCC_NO_COMMON_BLOCKS = YES;
				GCC_WARN_64_TO_32_BIT_CONVERSION = YES;
				GCC_WARN_ABOUT_RETURN_TYPE = YES_ERROR;
				GCC_WARN_UNDECLARED_SELECTOR = YES;
				GCC_WARN_UNINITIALIZED_AUTOS = YES_AGGRESSIVE;
				GCC_WARN_UNUSED_FUNCTION = YES;
				GCC_WARN_UNUSED_VARIABLE = YES;
				IPHONEOS_DEPLOYMENT_TARGET = 9.3;
				MTL_ENABLE_DEBUG_INFO = NO;
				SDKROOT = iphoneos;
				SWIFT_OPTIMIZATION_LEVEL = "-Owholemodule";
				TARGETED_DEVICE_FAMILY = "1,2";
				VALIDATE_PRODUCT = YES;
				VERSIONING_SYSTEM = "apple-generic";
				VERSION_INFO_PREFIX = "";
			};
			name = Release;
		};
		C20B84161D6BFCC700C12286 /* Debug */ = {
			isa = XCBuildConfiguration;
			buildSettings = {
				"CODE_SIGN_IDENTITY[sdk=iphoneos*]" = "";
				DEFINES_MODULE = YES;
				DYLIB_COMPATIBILITY_VERSION = 1;
				DYLIB_CURRENT_VERSION = 1;
				DYLIB_INSTALL_NAME_BASE = "@rpath";
				INFOPLIST_FILE = SimpleLib/Info.plist;
				INSTALL_PATH = "$(LOCAL_LIBRARY_DIR)/Frameworks";
				IPHONEOS_DEPLOYMENT_TARGET = 9.0;
				LD_RUNPATH_SEARCH_PATHS = "$(inherited) @executable_path/Frameworks @loader_path/Frameworks";
				PRODUCT_BUNDLE_IDENTIFIER = com.rockgarden.SimpleLib;
				PRODUCT_NAME = "$(TARGET_NAME)";
				SKIP_INSTALL = YES;
				SWIFT_VERSION = 3.0;
			};
			name = Debug;
		};
		C20B84171D6BFCC700C12286 /* Release */ = {
			isa = XCBuildConfiguration;
			buildSettings = {
				"CODE_SIGN_IDENTITY[sdk=iphoneos*]" = "";
				DEFINES_MODULE = YES;
				DYLIB_COMPATIBILITY_VERSION = 1;
				DYLIB_CURRENT_VERSION = 1;
				DYLIB_INSTALL_NAME_BASE = "@rpath";
				INFOPLIST_FILE = SimpleLib/Info.plist;
				INSTALL_PATH = "$(LOCAL_LIBRARY_DIR)/Frameworks";
				IPHONEOS_DEPLOYMENT_TARGET = 9.0;
				LD_RUNPATH_SEARCH_PATHS = "$(inherited) @executable_path/Frameworks @loader_path/Frameworks";
				PRODUCT_BUNDLE_IDENTIFIER = com.rockgarden.SimpleLib;
				PRODUCT_NAME = "$(TARGET_NAME)";
				SKIP_INSTALL = YES;
				SWIFT_VERSION = 3.0;
			};
			name = Release;
		};
/* End XCBuildConfiguration section */

/* Begin XCConfigurationList section */
		442254CB1E5EE0CD00A62376 /* Build configuration list for PBXNativeTarget "SimpleLibTests" */ = {
			isa = XCConfigurationList;
			buildConfigurations = (
				442254C91E5EE0CD00A62376 /* Debug */,
				442254CA1E5EE0CD00A62376 /* Release */,
			);
			defaultConfigurationIsVisible = 0;
			defaultConfigurationName = Release;
		};
		C20B83FB1D6BFCC600C12286 /* Build configuration list for PBXProject "SimpleLib" */ = {
			isa = XCConfigurationList;
			buildConfigurations = (
				C20B84131D6BFCC700C12286 /* Debug */,
				C20B84141D6BFCC700C12286 /* Release */,
			);
			defaultConfigurationIsVisible = 0;
			defaultConfigurationName = Release;
		};
		C20B84151D6BFCC700C12286 /* Build configuration list for PBXNativeTarget "SimpleLib" */ = {
			isa = XCConfigurationList;
			buildConfigurations = (
				C20B84161D6BFCC700C12286 /* Debug */,
				C20B84171D6BFCC700C12286 /* Release */,
			);
			defaultConfigurationIsVisible = 0;
			defaultConfigurationName = Release;
		};
/* End XCConfigurationList section */
	};
	rootObject = C20B83F81D6BFCC600C12286 /* Project object */;
}
