// !$*UTF8*$!
{
	archiveVersion = 1;
	classes = {
	};
	objectVersion = 46;
	objects = {

/* Begin PBXBuildFile section */
		C2A9291323F5633F0060BCDE /* SimpleLib.h in Headers */ = {isa = PBXBuildFile; fileRef = C2A9291123F5633F0060BCDE /* SimpleLib.h */; settings = {ATTRIBUTES = (Public, ); }; };
		C2A9291723F5638D0060BCDE /* Ext_UINavigationController.swift in Sources */ = {isa = PBXBuildFile; fileRef = C26C477423F554B100D7F5AC /* Ext_UINavigationController.swift */; };
		C2A9291823F5638D0060BCDE /* Ext_UIDevice.swift in Sources */ = {isa = PBXBuildFile; fileRef = C26C477523F554B100D7F5AC /* Ext_UIDevice.swift */; };
		C2A9291923F5638D0060BCDE /* Ext_NSCoding.swift in Sources */ = {isa = PBXBuildFile; fileRef = C26C477623F554B100D7F5AC /* Ext_NSCoding.swift */; };
		C2A9291A23F5638D0060BCDE /* Ext_UIImageView.swift in Sources */ = {isa = PBXBuildFile; fileRef = C26C477723F554B100D7F5AC /* Ext_UIImageView.swift */; };
		C2A9291B23F5638D0060BCDE /* Ext_UIView.swift in Sources */ = {isa = PBXBuildFile; fileRef = C26C477823F554B100D7F5AC /* Ext_UIView.swift */; };
		C2A9291C23F5638D0060BCDE /* Ext_UIButton.swift in Sources */ = {isa = PBXBuildFile; fileRef = C26C477923F554B100D7F5AC /* Ext_UIButton.swift */; };
		C2A9291D23F5638D0060BCDE /* Ext_UIViewController.swift in Sources */ = {isa = PBXBuildFile; fileRef = C26C477A23F554B100D7F5AC /* Ext_UIViewController.swift */; };
		C2A9291E23F5638D0060BCDE /* Example.swift in Sources */ = {isa = PBXBuildFile; fileRef = C26C477B23F554B100D7F5AC /* Example.swift */; };
		C2A9291F23F5638D0060BCDE /* Ext_UIScreen.swift in Sources */ = {isa = PBXBuildFile; fileRef = C26C477C23F554B100D7F5AC /* Ext_UIScreen.swift */; };
		C2A9292023F5638D0060BCDE /* Ext_UIColor.swift in Sources */ = {isa = PBXBuildFile; fileRef = C26C477D23F554B100D7F5AC /* Ext_UIColor.swift */; };
		C2A9292123F5638D0060BCDE /* Ext_UIApplication.swift in Sources */ = {isa = PBXBuildFile; fileRef = C26C477E23F554B100D7F5AC /* Ext_UIApplication.swift */; };
		C2A9292223F5638D0060BCDE /* EZSwiftFunctions.swift in Sources */ = {isa = PBXBuildFile; fileRef = C26C477F23F554B100D7F5AC /* EZSwiftFunctions.swift */; };
		C2A9292323F5638D0060BCDE /* Ext_UITableView.swift in Sources */ = {isa = PBXBuildFile; fileRef = C26C478023F554B100D7F5AC /* Ext_UITableView.swift */; };
		C2A9292523F5638D0060BCDE /* Ext_UIStoryboard.swift in Sources */ = {isa = PBXBuildFile; fileRef = C26C478223F554B100D7F5AC /* Ext_UIStoryboard.swift */; };
		C2A9292623F5638D0060BCDE /* Ext_String.swift in Sources */ = {isa = PBXBuildFile; fileRef = C26C478323F554B100D7F5AC /* Ext_String.swift */; };
		C2A9292723F5638D0060BCDE /* Ext_NSString.swift in Sources */ = {isa = PBXBuildFile; fileRef = C26C478423F554B100D7F5AC /* Ext_NSString.swift */; };
		C2A9292823F5638D0060BCDE /* Ext_UILabel.swift in Sources */ = {isa = PBXBuildFile; fileRef = C26C478523F554B100D7F5AC /* Ext_UILabel.swift */; };
		C2A9292923F5638D0060BCDE /* Ext_NSData.swift in Sources */ = {isa = PBXBuildFile; fileRef = C26C478623F554B100D7F5AC /* Ext_NSData.swift */; };
		C2A9292A23F5638D0060BCDE /* Ext_UITextView.swift in Sources */ = {isa = PBXBuildFile; fileRef = C26C478723F554B100D7F5AC /* Ext_UITextView.swift */; };
		C2A9292B23F5638D0060BCDE /* Ext_UserDefaults.swift in Sources */ = {isa = PBXBuildFile; fileRef = C26C478823F554B100D7F5AC /* Ext_UserDefaults.swift */; };
		C2A9292C23F5638D0060BCDE /* Ext_UINavigationBar.swift in Sources */ = {isa = PBXBuildFile; fileRef = C26C478923F554B100D7F5AC /* Ext_UINavigationBar.swift */; };
		C2A9292D23F5638D0060BCDE /* Ext_UIImage.swift in Sources */ = {isa = PBXBuildFile; fileRef = C26C478A23F554B100D7F5AC /* Ext_UIImage.swift */; };
		C2A9292E23F5638D0060BCDE /* Ext_DispatchQueue.swift in Sources */ = {isa = PBXBuildFile; fileRef = C26C478B23F554B100D7F5AC /* Ext_DispatchQueue.swift */; };
		C2A9292F23F5638D0060BCDE /* Ext_CCLocation.swift in Sources */ = {isa = PBXBuildFile; fileRef = C26C478C23F554B100D7F5AC /* Ext_CCLocation.swift */; };
		C2A9293023F5638D0060BCDE /* BasePageCollectionCell.swift in Sources */ = {isa = PBXBuildFile; fileRef = C26C479023F554B100D7F5AC /* BasePageCollectionCell.swift */; };
		C2A9293123F5638D0060BCDE /* PageCollectionLayout.swift in Sources */ = {isa = PBXBuildFile; fileRef = C26C479223F554B100D7F5AC /* PageCollectionLayout.swift */; };
		C2A9293223F5638D0060BCDE /* PageCollectionView.swift in Sources */ = {isa = PBXBuildFile; fileRef = C26C479323F554B100D7F5AC /* PageCollectionView.swift */; };
		C2A9293323F5638D0060BCDE /* ExpandingViewController.swift in Sources */ = {isa = PBXBuildFile; fileRef = C26C479423F554B100D7F5AC /* ExpandingViewController.swift */; };
		C2A9293423F5638D0060BCDE /* JTSplashView.swift in Sources */ = {isa = PBXBuildFile; fileRef = C26C479623F554B100D7F5AC /* JTSplashView.swift */; };
		C2A9293523F5638D0060BCDE /* ExpandableLabel.swift in Sources */ = {isa = PBXBuildFile; fileRef = C26C479723F554B100D7F5AC /* ExpandableLabel.swift */; };
		C2A9293623F5638D0060BCDE /* SelectionDialog_KC.swift in Sources */ = {isa = PBXBuildFile; fileRef = C26C479823F554B100D7F5AC /* SelectionDialog_KC.swift */; };
		C2A9293723F5638D0060BCDE /* FoldingCell.swift in Sources */ = {isa = PBXBuildFile; fileRef = C26C479923F554B100D7F5AC /* FoldingCell.swift */; };
		C2A9293823F5638D0060BCDE /* SelectionDialogItem_KC.swift in Sources */ = {isa = PBXBuildFile; fileRef = C26C479A23F554B100D7F5AC /* SelectionDialogItem_KC.swift */; };
		C2A9293923F5638D0060BCDE /* AnimatedSegmentSwitch.swift in Sources */ = {isa = PBXBuildFile; fileRef = C26C479B23F554B100D7F5AC /* AnimatedSegmentSwitch.swift */; };
		C2A9293A23F5638D0060BCDE /* KDEDateLabel.swift in Sources */ = {isa = PBXBuildFile; fileRef = C26C479C23F554B100D7F5AC /* KDEDateLabel.swift */; };
		C2A9293B23F5638D0060BCDE /* CLTypingLabel.swift in Sources */ = {isa = PBXBuildFile; fileRef = C26C479D23F554B100D7F5AC /* CLTypingLabel.swift */; };
		C2A9293C23F5638D0060BCDE /* NavigationBarColorSource.swift in Sources */ = {isa = PBXBuildFile; fileRef = C26C479E23F554B100D7F5AC /* NavigationBarColorSource.swift */; };
		C2A9293D23F5638D0060BCDE /* KDInteractiveNavigationController.swift in Sources */ = {isa = PBXBuildFile; fileRef = C26C479F23F554B100D7F5AC /* KDInteractiveNavigationController.swift */; };
		C2A9293E23F5638D0060BCDE /* ICanHas.swift in Sources */ = {isa = PBXBuildFile; fileRef = C26C47A123F554B100D7F5AC /* ICanHas.swift */; };
		C2A9293F23F5638D0060BCDE /* MemoryCache.swift in Sources */ = {isa = PBXBuildFile; fileRef = C26C47A323F554B100D7F5AC /* MemoryCache.swift */; };
		C2A9294023F5638D0060BCDE /* Box.swift in Sources */ = {isa = PBXBuildFile; fileRef = C26C47A423F554B100D7F5AC /* Box.swift */; };
		C2A9294123F5638D0060BCDE /* DiskCache.swift in Sources */ = {isa = PBXBuildFile; fileRef = C26C47A523F554B100D7F5AC /* DiskCache.swift */; };
		C2A9294223F5638D0060BCDE /* Cache.swift in Sources */ = {isa = PBXBuildFile; fileRef = C26C47A623F554B100D7F5AC /* Cache.swift */; };
		C2A9294323F5638D0060BCDE /* MultiCache.swift in Sources */ = {isa = PBXBuildFile; fileRef = C26C47A723F554B100D7F5AC /* MultiCache.swift */; };
		C2A9294423F5638D0060BCDE /* AnyCache.swift in Sources */ = {isa = PBXBuildFile; fileRef = C26C47A823F554B100D7F5AC /* AnyCache.swift */; };
		C2A9294523F5638D0060BCDE /* Location_Func.swift in Sources */ = {isa = PBXBuildFile; fileRef = C26C47A923F554B100D7F5AC /* Location_Func.swift */; };
		C2A9294623F5638D0060BCDE /* ImageResizingMethods.swift in Sources */ = {isa = PBXBuildFile; fileRef = C26C47AA23F554B100D7F5AC /* ImageResizingMethods.swift */; };
		C2A9294723F5638D0060BCDE /* Public_Func.swift in Sources */ = {isa = PBXBuildFile; fileRef = C26C47AB23F554B100D7F5AC /* Public_Func.swift */; };
		C2A9294823F5638D0060BCDE /* PlistHelper.swift in Sources */ = {isa = PBXBuildFile; fileRef = C26C47AC23F554B100D7F5AC /* PlistHelper.swift */; };
		C2A9294923F5638D0060BCDE /* Duration.swift in Sources */ = {isa = PBXBuildFile; fileRef = C26C47AD23F554B100D7F5AC /* Duration.swift */; };
		C2A9294A23F5638D0060BCDE /* AuthcodeView.swift in Sources */ = {isa = PBXBuildFile; fileRef = C26C47AE23F554B100D7F5AC /* AuthcodeView.swift */; };
		C2A9294B23F5638D0060BCDE /* ExpandingTableViewController.swift in Sources */ = {isa = PBXBuildFile; fileRef = C26C47B123F554B100D7F5AC /* ExpandingTableViewController.swift */; };
		C2A9294C23F5638D0060BCDE /* AnimationBarButton.swift in Sources */ = {isa = PBXBuildFile; fileRef = C26C47B323F554B100D7F5AC /* AnimationBarButton.swift */; };
		C2A9294D23F5638D0060BCDE /* Rotatable.swift in Sources */ = {isa = PBXBuildFile; fileRef = C26C47B523F554B100D7F5AC /* Rotatable.swift */; };
		C2A9294E23F5638D0060BCDE /* NavigationBarData.swift in Sources */ = {isa = PBXBuildFile; fileRef = C26C47B723F554B100D7F5AC /* NavigationBarData.swift */; };
		C2A9294F23F5638D0060BCDE /* WeakObjectContainer.swift in Sources */ = {isa = PBXBuildFile; fileRef = C26C47B923F554B100D7F5AC /* WeakObjectContainer.swift */; };
		C2A9295023F5638D0060BCDE /* MethodSwizzling.swift in Sources */ = {isa = PBXBuildFile; fileRef = C26C47BA23F554B100D7F5AC /* MethodSwizzling.swift */; };
		C2A9295123F5638D0060BCDE /* ScreenShotHelper.swift in Sources */ = {isa = PBXBuildFile; fileRef = C26C47BD23F554B100D7F5AC /* ScreenShotHelper.swift */; };
		C2A9295223F5638D0060BCDE /* ConstraintsHelper.swift in Sources */ = {isa = PBXBuildFile; fileRef = C26C47BF23F554B100D7F5AC /* ConstraintsHelper.swift */; };
		C2A9295323F5638D0060BCDE /* SubviewsForEach.swift in Sources */ = {isa = PBXBuildFile; fileRef = C26C47C123F554B100D7F5AC /* SubviewsForEach.swift */; };
		C2A9295423F5638D0060BCDE /* ConfigurationHelper.swift in Sources */ = {isa = PBXBuildFile; fileRef = C26C47C323F554B100D7F5AC /* ConfigurationHelper.swift */; };
		C2A9295523F5638D0060BCDE /* CornerAnimatable.swift in Sources */ = {isa = PBXBuildFile; fileRef = C26C47C623F554B100D7F5AC /* CornerAnimatable.swift */; };
		C2A9295623F5638D0060BCDE /* TransitionDriver.swift in Sources */ = {isa = PBXBuildFile; fileRef = C26C47C823F554B100D7F5AC /* TransitionDriver.swift */; };
		C2A9295723F5638D0060BCDE /* BlockPan.swift in Sources */ = {isa = PBXBuildFile; fileRef = C26C47CB23F554B100D7F5AC /* BlockPan.swift */; };
		C2A9295823F5638D0060BCDE /* BlockWebView.swift in Sources */ = {isa = PBXBuildFile; fileRef = C26C47CC23F554B100D7F5AC /* BlockWebView.swift */; };
		C2A9295923F5638D0060BCDE /* BlockSwipe.swift in Sources */ = {isa = PBXBuildFile; fileRef = C26C47CD23F554B100D7F5AC /* BlockSwipe.swift */; };
		C2A9295A23F5638D0060BCDE /* BlockPinch.swift in Sources */ = {isa = PBXBuildFile; fileRef = C26C47CE23F554B100D7F5AC /* BlockPinch.swift */; };
		C2A9295B23F5638D0060BCDE /* BlockButton.swift in Sources */ = {isa = PBXBuildFile; fileRef = C26C47CF23F554B100D7F5AC /* BlockButton.swift */; };
		C2A9295C23F5638D0060BCDE /* BlockTap.swift in Sources */ = {isa = PBXBuildFile; fileRef = C26C47D023F554B100D7F5AC /* BlockTap.swift */; };
		C2A9295D23F5638D0060BCDE /* BlockLongPress.swift in Sources */ = {isa = PBXBuildFile; fileRef = C26C47D123F554B100D7F5AC /* BlockLongPress.swift */; };
		C2A9295E23F5638D0060BCDE /* AppCommon.swift in Sources */ = {isa = PBXBuildFile; fileRef = C26C47D223F554B100D7F5AC /* AppCommon.swift */; };
		C2A9296123F6FF8F0060BCDE /* Ext_CGFloat.swift in Sources */ = {isa = PBXBuildFile; fileRef = C2A9296023F6FF8F0060BCDE /* Ext_CGFloat.swift */; };
		C2A9296323F707E40060BCDE /* Ext_Data.swift in Sources */ = {isa = PBXBuildFile; fileRef = C2A9296223F707E40060BCDE /* Ext_Data.swift */; };
		C2A9296523F7C54E0060BCDE /* Ext_Date.swift in Sources */ = {isa = PBXBuildFile; fileRef = C2A9296423F7C54E0060BCDE /* Ext_Date.swift */; };
		C2A9296723F7C6A10060BCDE /* TimePassed.swift in Sources */ = {isa = PBXBuildFile; fileRef = C2A9296623F7C6A10060BCDE /* TimePassed.swift */; };
		C2A9296923F7DB0A0060BCDE /* Ext_UIFont.swift in Sources */ = {isa = PBXBuildFile; fileRef = C2A9296823F7DB0A0060BCDE /* Ext_UIFont.swift */; };
		C2A9296B23FA3FBA0060BCDE /* FileHelper.swift in Sources */ = {isa = PBXBuildFile; fileRef = C2A9296A23FA3FBA0060BCDE /* FileHelper.swift */; };
		C2A9296D23FA48D00060BCDE /* JSONHelper.swift in Sources */ = {isa = PBXBuildFile; fileRef = C2A9296C23FA48D00060BCDE /* JSONHelper.swift */; };
		C2AFB92E23FECD2100ED5C37 /* Ext_Int.swift in Sources */ = {isa = PBXBuildFile; fileRef = C2AFB92D23FECD2100ED5C37 /* Ext_Int.swift */; };
		C2D5A8E023FC268F007DF9A6 /* SwiftWebViewBridge.swift in Sources */ = {isa = PBXBuildFile; fileRef = C2D5A8DF23FC268F007DF9A6 /* SwiftWebViewBridge.swift */; };
/* End PBXBuildFile section */

/* Begin PBXFileReference section */
		C26C477423F554B100D7F5AC /* Ext_UINavigationController.swift */ = {isa = PBXFileReference; fileEncoding = 4; lastKnownFileType = sourcecode.swift; path = Ext_UINavigationController.swift; sourceTree = "<group>"; };
		C26C477523F554B100D7F5AC /* Ext_UIDevice.swift */ = {isa = PBXFileReference; fileEncoding = 4; lastKnownFileType = sourcecode.swift; path = Ext_UIDevice.swift; sourceTree = "<group>"; };
		C26C477623F554B100D7F5AC /* Ext_NSCoding.swift */ = {isa = PBXFileReference; fileEncoding = 4; lastKnownFileType = sourcecode.swift; path = Ext_NSCoding.swift; sourceTree = "<group>"; };
		C26C477723F554B100D7F5AC /* Ext_UIImageView.swift */ = {isa = PBXFileReference; fileEncoding = 4; lastKnownFileType = sourcecode.swift; path = Ext_UIImageView.swift; sourceTree = "<group>"; };
		C26C477823F554B100D7F5AC /* Ext_UIView.swift */ = {isa = PBXFileReference; fileEncoding = 4; lastKnownFileType = sourcecode.swift; path = Ext_UIView.swift; sourceTree = "<group>"; };
		C26C477923F554B100D7F5AC /* Ext_UIButton.swift */ = {isa = PBXFileReference; fileEncoding = 4; lastKnownFileType = sourcecode.swift; path = Ext_UIButton.swift; sourceTree = "<group>"; };
		C26C477A23F554B100D7F5AC /* Ext_UIViewController.swift */ = {isa = PBXFileReference; fileEncoding = 4; lastKnownFileType = sourcecode.swift; path = Ext_UIViewController.swift; sourceTree = "<group>"; };
		C26C477B23F554B100D7F5AC /* Example.swift */ = {isa = PBXFileReference; fileEncoding = 4; lastKnownFileType = sourcecode.swift; path = Example.swift; sourceTree = "<group>"; };
		C26C477C23F554B100D7F5AC /* Ext_UIScreen.swift */ = {isa = PBXFileReference; fileEncoding = 4; lastKnownFileType = sourcecode.swift; path = Ext_UIScreen.swift; sourceTree = "<group>"; };
		C26C477D23F554B100D7F5AC /* Ext_UIColor.swift */ = {isa = PBXFileReference; fileEncoding = 4; lastKnownFileType = sourcecode.swift; path = Ext_UIColor.swift; sourceTree = "<group>"; };
		C26C477E23F554B100D7F5AC /* Ext_UIApplication.swift */ = {isa = PBXFileReference; fileEncoding = 4; lastKnownFileType = sourcecode.swift; path = Ext_UIApplication.swift; sourceTree = "<group>"; };
		C26C477F23F554B100D7F5AC /* EZSwiftFunctions.swift */ = {isa = PBXFileReference; fileEncoding = 4; lastKnownFileType = sourcecode.swift; path = EZSwiftFunctions.swift; sourceTree = "<group>"; };
		C26C478023F554B100D7F5AC /* Ext_UITableView.swift */ = {isa = PBXFileReference; fileEncoding = 4; lastKnownFileType = sourcecode.swift; path = Ext_UITableView.swift; sourceTree = "<group>"; };
		C26C478223F554B100D7F5AC /* Ext_UIStoryboard.swift */ = {isa = PBXFileReference; fileEncoding = 4; lastKnownFileType = sourcecode.swift; path = Ext_UIStoryboard.swift; sourceTree = "<group>"; };
		C26C478323F554B100D7F5AC /* Ext_String.swift */ = {isa = PBXFileReference; fileEncoding = 4; lastKnownFileType = sourcecode.swift; path = Ext_String.swift; sourceTree = "<group>"; };
		C26C478423F554B100D7F5AC /* Ext_NSString.swift */ = {isa = PBXFileReference; fileEncoding = 4; lastKnownFileType = sourcecode.swift; path = Ext_NSString.swift; sourceTree = "<group>"; };
		C26C478523F554B100D7F5AC /* Ext_UILabel.swift */ = {isa = PBXFileReference; fileEncoding = 4; lastKnownFileType = sourcecode.swift; path = Ext_UILabel.swift; sourceTree = "<group>"; };
		C26C478623F554B100D7F5AC /* Ext_NSData.swift */ = {isa = PBXFileReference; fileEncoding = 4; lastKnownFileType = sourcecode.swift; path = Ext_NSData.swift; sourceTree = "<group>"; };
		C26C478723F554B100D7F5AC /* Ext_UITextView.swift */ = {isa = PBXFileReference; fileEncoding = 4; lastKnownFileType = sourcecode.swift; path = Ext_UITextView.swift; sourceTree = "<group>"; };
		C26C478823F554B100D7F5AC /* Ext_UserDefaults.swift */ = {isa = PBXFileReference; fileEncoding = 4; lastKnownFileType = sourcecode.swift; path = Ext_UserDefaults.swift; sourceTree = "<group>"; };
		C26C478923F554B100D7F5AC /* Ext_UINavigationBar.swift */ = {isa = PBXFileReference; fileEncoding = 4; lastKnownFileType = sourcecode.swift; path = Ext_UINavigationBar.swift; sourceTree = "<group>"; };
		C26C478A23F554B100D7F5AC /* Ext_UIImage.swift */ = {isa = PBXFileReference; fileEncoding = 4; lastKnownFileType = sourcecode.swift; path = Ext_UIImage.swift; sourceTree = "<group>"; };
		C26C478B23F554B100D7F5AC /* Ext_DispatchQueue.swift */ = {isa = PBXFileReference; fileEncoding = 4; lastKnownFileType = sourcecode.swift; path = Ext_DispatchQueue.swift; sourceTree = "<group>"; };
		C26C478C23F554B100D7F5AC /* Ext_CCLocation.swift */ = {isa = PBXFileReference; fileEncoding = 4; lastKnownFileType = sourcecode.swift; path = Ext_CCLocation.swift; sourceTree = "<group>"; };
		C26C479023F554B100D7F5AC /* BasePageCollectionCell.swift */ = {isa = PBXFileReference; fileEncoding = 4; lastKnownFileType = sourcecode.swift; path = BasePageCollectionCell.swift; sourceTree = "<group>"; };
		C26C479223F554B100D7F5AC /* PageCollectionLayout.swift */ = {isa = PBXFileReference; fileEncoding = 4; lastKnownFileType = sourcecode.swift; path = PageCollectionLayout.swift; sourceTree = "<group>"; };
		C26C479323F554B100D7F5AC /* PageCollectionView.swift */ = {isa = PBXFileReference; fileEncoding = 4; lastKnownFileType = sourcecode.swift; path = PageCollectionView.swift; sourceTree = "<group>"; };
		C26C479423F554B100D7F5AC /* ExpandingViewController.swift */ = {isa = PBXFileReference; fileEncoding = 4; lastKnownFileType = sourcecode.swift; path = ExpandingViewController.swift; sourceTree = "<group>"; };
		C26C479623F554B100D7F5AC /* JTSplashView.swift */ = {isa = PBXFileReference; fileEncoding = 4; lastKnownFileType = sourcecode.swift; path = JTSplashView.swift; sourceTree = "<group>"; };
		C26C479723F554B100D7F5AC /* ExpandableLabel.swift */ = {isa = PBXFileReference; fileEncoding = 4; lastKnownFileType = sourcecode.swift; path = ExpandableLabel.swift; sourceTree = "<group>"; };
		C26C479823F554B100D7F5AC /* SelectionDialog_KC.swift */ = {isa = PBXFileReference; fileEncoding = 4; lastKnownFileType = sourcecode.swift; path = SelectionDialog_KC.swift; sourceTree = "<group>"; };
		C26C479923F554B100D7F5AC /* FoldingCell.swift */ = {isa = PBXFileReference; fileEncoding = 4; lastKnownFileType = sourcecode.swift; path = FoldingCell.swift; sourceTree = "<group>"; };
		C26C479A23F554B100D7F5AC /* SelectionDialogItem_KC.swift */ = {isa = PBXFileReference; fileEncoding = 4; lastKnownFileType = sourcecode.swift; path = SelectionDialogItem_KC.swift; sourceTree = "<group>"; };
		C26C479B23F554B100D7F5AC /* AnimatedSegmentSwitch.swift */ = {isa = PBXFileReference; fileEncoding = 4; lastKnownFileType = sourcecode.swift; path = AnimatedSegmentSwitch.swift; sourceTree = "<group>"; };
		C26C479C23F554B100D7F5AC /* KDEDateLabel.swift */ = {isa = PBXFileReference; fileEncoding = 4; lastKnownFileType = sourcecode.swift; path = KDEDateLabel.swift; sourceTree = "<group>"; };
		C26C479D23F554B100D7F5AC /* CLTypingLabel.swift */ = {isa = PBXFileReference; fileEncoding = 4; lastKnownFileType = sourcecode.swift; path = CLTypingLabel.swift; sourceTree = "<group>"; };
		C26C479E23F554B100D7F5AC /* NavigationBarColorSource.swift */ = {isa = PBXFileReference; fileEncoding = 4; lastKnownFileType = sourcecode.swift; path = NavigationBarColorSource.swift; sourceTree = "<group>"; };
		C26C479F23F554B100D7F5AC /* KDInteractiveNavigationController.swift */ = {isa = PBXFileReference; fileEncoding = 4; lastKnownFileType = sourcecode.swift; path = KDInteractiveNavigationController.swift; sourceTree = "<group>"; };
		C26C47A123F554B100D7F5AC /* ICanHas.swift */ = {isa = PBXFileReference; fileEncoding = 4; lastKnownFileType = sourcecode.swift; path = ICanHas.swift; sourceTree = "<group>"; };
		C26C47A323F554B100D7F5AC /* MemoryCache.swift */ = {isa = PBXFileReference; fileEncoding = 4; lastKnownFileType = sourcecode.swift; path = MemoryCache.swift; sourceTree = "<group>"; };
		C26C47A423F554B100D7F5AC /* Box.swift */ = {isa = PBXFileReference; fileEncoding = 4; lastKnownFileType = sourcecode.swift; path = Box.swift; sourceTree = "<group>"; };
		C26C47A523F554B100D7F5AC /* DiskCache.swift */ = {isa = PBXFileReference; fileEncoding = 4; lastKnownFileType = sourcecode.swift; path = DiskCache.swift; sourceTree = "<group>"; };
		C26C47A623F554B100D7F5AC /* Cache.swift */ = {isa = PBXFileReference; fileEncoding = 4; lastKnownFileType = sourcecode.swift; path = Cache.swift; sourceTree = "<group>"; };
		C26C47A723F554B100D7F5AC /* MultiCache.swift */ = {isa = PBXFileReference; fileEncoding = 4; lastKnownFileType = sourcecode.swift; path = MultiCache.swift; sourceTree = "<group>"; };
		C26C47A823F554B100D7F5AC /* AnyCache.swift */ = {isa = PBXFileReference; fileEncoding = 4; lastKnownFileType = sourcecode.swift; path = AnyCache.swift; sourceTree = "<group>"; };
		C26C47A923F554B100D7F5AC /* Location_Func.swift */ = {isa = PBXFileReference; fileEncoding = 4; lastKnownFileType = sourcecode.swift; path = Location_Func.swift; sourceTree = "<group>"; };
		C26C47AA23F554B100D7F5AC /* ImageResizingMethods.swift */ = {isa = PBXFileReference; fileEncoding = 4; lastKnownFileType = sourcecode.swift; path = ImageResizingMethods.swift; sourceTree = "<group>"; };
		C26C47AB23F554B100D7F5AC /* Public_Func.swift */ = {isa = PBXFileReference; fileEncoding = 4; lastKnownFileType = sourcecode.swift; path = Public_Func.swift; sourceTree = "<group>"; };
		C26C47AC23F554B100D7F5AC /* PlistHelper.swift */ = {isa = PBXFileReference; fileEncoding = 4; lastKnownFileType = sourcecode.swift; path = PlistHelper.swift; sourceTree = "<group>"; };
		C26C47AD23F554B100D7F5AC /* Duration.swift */ = {isa = PBXFileReference; fileEncoding = 4; lastKnownFileType = sourcecode.swift; path = Duration.swift; sourceTree = "<group>"; };
		C26C47AE23F554B100D7F5AC /* AuthcodeView.swift */ = {isa = PBXFileReference; fileEncoding = 4; lastKnownFileType = sourcecode.swift; path = AuthcodeView.swift; sourceTree = "<group>"; };
		C26C47B123F554B100D7F5AC /* ExpandingTableViewController.swift */ = {isa = PBXFileReference; fileEncoding = 4; lastKnownFileType = sourcecode.swift; path = ExpandingTableViewController.swift; sourceTree = "<group>"; };
		C26C47B323F554B100D7F5AC /* AnimationBarButton.swift */ = {isa = PBXFileReference; fileEncoding = 4; lastKnownFileType = sourcecode.swift; path = AnimationBarButton.swift; sourceTree = "<group>"; };
		C26C47B523F554B100D7F5AC /* Rotatable.swift */ = {isa = PBXFileReference; fileEncoding = 4; lastKnownFileType = sourcecode.swift; path = Rotatable.swift; sourceTree = "<group>"; };
		C26C47B723F554B100D7F5AC /* NavigationBarData.swift */ = {isa = PBXFileReference; fileEncoding = 4; lastKnownFileType = sourcecode.swift; path = NavigationBarData.swift; sourceTree = "<group>"; };
		C26C47B923F554B100D7F5AC /* WeakObjectContainer.swift */ = {isa = PBXFileReference; fileEncoding = 4; lastKnownFileType = sourcecode.swift; path = WeakObjectContainer.swift; sourceTree = "<group>"; };
		C26C47BA23F554B100D7F5AC /* MethodSwizzling.swift */ = {isa = PBXFileReference; fileEncoding = 4; lastKnownFileType = sourcecode.swift; path = MethodSwizzling.swift; sourceTree = "<group>"; };
		C26C47BD23F554B100D7F5AC /* ScreenShotHelper.swift */ = {isa = PBXFileReference; fileEncoding = 4; lastKnownFileType = sourcecode.swift; path = ScreenShotHelper.swift; sourceTree = "<group>"; };
		C26C47BF23F554B100D7F5AC /* ConstraintsHelper.swift */ = {isa = PBXFileReference; fileEncoding = 4; lastKnownFileType = sourcecode.swift; path = ConstraintsHelper.swift; sourceTree = "<group>"; };
		C26C47C123F554B100D7F5AC /* SubviewsForEach.swift */ = {isa = PBXFileReference; fileEncoding = 4; lastKnownFileType = sourcecode.swift; path = SubviewsForEach.swift; sourceTree = "<group>"; };
		C26C47C323F554B100D7F5AC /* ConfigurationHelper.swift */ = {isa = PBXFileReference; fileEncoding = 4; lastKnownFileType = sourcecode.swift; path = ConfigurationHelper.swift; sourceTree = "<group>"; };
		C26C47C623F554B100D7F5AC /* CornerAnimatable.swift */ = {isa = PBXFileReference; fileEncoding = 4; lastKnownFileType = sourcecode.swift; path = CornerAnimatable.swift; sourceTree = "<group>"; };
		C26C47C823F554B100D7F5AC /* TransitionDriver.swift */ = {isa = PBXFileReference; fileEncoding = 4; lastKnownFileType = sourcecode.swift; path = TransitionDriver.swift; sourceTree = "<group>"; };
		C26C47CB23F554B100D7F5AC /* BlockPan.swift */ = {isa = PBXFileReference; fileEncoding = 4; lastKnownFileType = sourcecode.swift; path = BlockPan.swift; sourceTree = "<group>"; };
		C26C47CC23F554B100D7F5AC /* BlockWebView.swift */ = {isa = PBXFileReference; fileEncoding = 4; lastKnownFileType = sourcecode.swift; path = BlockWebView.swift; sourceTree = "<group>"; };
		C26C47CD23F554B100D7F5AC /* BlockSwipe.swift */ = {isa = PBXFileReference; fileEncoding = 4; lastKnownFileType = sourcecode.swift; path = BlockSwipe.swift; sourceTree = "<group>"; };
		C26C47CE23F554B100D7F5AC /* BlockPinch.swift */ = {isa = PBXFileReference; fileEncoding = 4; lastKnownFileType = sourcecode.swift; path = BlockPinch.swift; sourceTree = "<group>"; };
		C26C47CF23F554B100D7F5AC /* BlockButton.swift */ = {isa = PBXFileReference; fileEncoding = 4; lastKnownFileType = sourcecode.swift; path = BlockButton.swift; sourceTree = "<group>"; };
		C26C47D023F554B100D7F5AC /* BlockTap.swift */ = {isa = PBXFileReference; fileEncoding = 4; lastKnownFileType = sourcecode.swift; path = BlockTap.swift; sourceTree = "<group>"; };
		C26C47D123F554B100D7F5AC /* BlockLongPress.swift */ = {isa = PBXFileReference; fileEncoding = 4; lastKnownFileType = sourcecode.swift; path = BlockLongPress.swift; sourceTree = "<group>"; };
		C26C47D223F554B100D7F5AC /* AppCommon.swift */ = {isa = PBXFileReference; fileEncoding = 4; lastKnownFileType = sourcecode.swift; path = AppCommon.swift; sourceTree = "<group>"; };
		C2A9290F23F5633F0060BCDE /* SimpleLib.framework */ = {isa = PBXFileReference; explicitFileType = wrapper.framework; includeInIndex = 0; path = SimpleLib.framework; sourceTree = BUILT_PRODUCTS_DIR; };
		C2A9291123F5633F0060BCDE /* SimpleLib.h */ = {isa = PBXFileReference; lastKnownFileType = sourcecode.c.h; path = SimpleLib.h; sourceTree = "<group>"; };
		C2A9291223F5633F0060BCDE /* Info.plist */ = {isa = PBXFileReference; lastKnownFileType = text.plist.xml; path = Info.plist; sourceTree = "<group>"; };
		C2A9296023F6FF8F0060BCDE /* Ext_CGFloat.swift */ = {isa = PBXFileReference; lastKnownFileType = sourcecode.swift; path = Ext_CGFloat.swift; sourceTree = "<group>"; };
		C2A9296223F707E40060BCDE /* Ext_Data.swift */ = {isa = PBXFileReference; lastKnownFileType = sourcecode.swift; path = Ext_Data.swift; sourceTree = "<group>"; };
		C2A9296423F7C54E0060BCDE /* Ext_Date.swift */ = {isa = PBXFileReference; lastKnownFileType = sourcecode.swift; path = Ext_Date.swift; sourceTree = "<group>"; };
		C2A9296623F7C6A10060BCDE /* TimePassed.swift */ = {isa = PBXFileReference; lastKnownFileType = sourcecode.swift; path = TimePassed.swift; sourceTree = "<group>"; };
		C2A9296823F7DB0A0060BCDE /* Ext_UIFont.swift */ = {isa = PBXFileReference; lastKnownFileType = sourcecode.swift; path = Ext_UIFont.swift; sourceTree = "<group>"; };
		C2A9296A23FA3FBA0060BCDE /* FileHelper.swift */ = {isa = PBXFileReference; lastKnownFileType = sourcecode.swift; path = FileHelper.swift; sourceTree = "<group>"; };
		C2A9296C23FA48D00060BCDE /* JSONHelper.swift */ = {isa = PBXFileReference; lastKnownFileType = sourcecode.swift; path = JSONHelper.swift; sourceTree = "<group>"; };
		C2AFB92D23FECD2100ED5C37 /* Ext_Int.swift */ = {isa = PBXFileReference; lastKnownFileType = sourcecode.swift; path = Ext_Int.swift; sourceTree = "<group>"; };
		C2D5A8DF23FC268F007DF9A6 /* SwiftWebViewBridge.swift */ = {isa = PBXFileReference; lastKnownFileType = sourcecode.swift; path = SwiftWebViewBridge.swift; sourceTree = "<group>"; };
/* End PBXFileReference section */

/* Begin PBXFrameworksBuildPhase section */
		C2A9290C23F5633F0060BCDE /* Frameworks */ = {
			isa = PBXFrameworksBuildPhase;
			buildActionMask = 2147483647;
			files = (
			);
			runOnlyForDeploymentPostprocessing = 0;
		};
/* End PBXFrameworksBuildPhase section */

/* Begin PBXGroup section */
		C20B83F71D6BFCC600C12286 = {
			isa = PBXGroup;
			children = (
				C26C477223F554B100D7F5AC /* SimpleLib */,
				C2A9291023F5633F0060BCDE /* SimpleLib */,
				C20B84021D6BFCC600C12286 /* Products */,
			);
			sourceTree = "<group>";
		};
		C20B84021D6BFCC600C12286 /* Products */ = {
			isa = PBXGroup;
			children = (
				C2A9290F23F5633F0060BCDE /* SimpleLib.framework */,
			);
			name = Products;
			sourceTree = "<group>";
		};
		C26C477223F554B100D7F5AC /* SimpleLib */ = {
			isa = PBXGroup;
			children = (
				C26C477323F554B100D7F5AC /* Extension */,
				C2A9295F23F59D070060BCDE /* ExpandingCollection */,
				C26C479523F554B100D7F5AC /* Widget */,
				C26C47A023F554B100D7F5AC /* Utils */,
				C26C47B623F554B100D7F5AC /* Model */,
				C26C47B823F554B100D7F5AC /* MethodSwizzling */,
				C26C47CA23F554B100D7F5AC /* Block */,
				C26C47D223F554B100D7F5AC /* AppCommon.swift */,
			);
			path = SimpleLib;
			sourceTree = "<group>";
		};
		C26C477323F554B100D7F5AC /* Extension */ = {
			isa = PBXGroup;
			children = (
				C26C477423F554B100D7F5AC /* Ext_UINavigationController.swift */,
				C26C477523F554B100D7F5AC /* Ext_UIDevice.swift */,
				C26C477623F554B100D7F5AC /* Ext_NSCoding.swift */,
				C26C477723F554B100D7F5AC /* Ext_UIImageView.swift */,
				C26C477823F554B100D7F5AC /* Ext_UIView.swift */,
				C26C477923F554B100D7F5AC /* Ext_UIButton.swift */,
				C26C477A23F554B100D7F5AC /* Ext_UIViewController.swift */,
				C26C477C23F554B100D7F5AC /* Ext_UIScreen.swift */,
				C26C477D23F554B100D7F5AC /* Ext_UIColor.swift */,
				C26C477E23F554B100D7F5AC /* Ext_UIApplication.swift */,
				C26C477F23F554B100D7F5AC /* EZSwiftFunctions.swift */,
				C26C478023F554B100D7F5AC /* Ext_UITableView.swift */,
				C26C478223F554B100D7F5AC /* Ext_UIStoryboard.swift */,
				C26C478323F554B100D7F5AC /* Ext_String.swift */,
				C26C478423F554B100D7F5AC /* Ext_NSString.swift */,
				C26C478523F554B100D7F5AC /* Ext_UILabel.swift */,
				C26C478623F554B100D7F5AC /* Ext_NSData.swift */,
				C26C478723F554B100D7F5AC /* Ext_UITextView.swift */,
				C26C478823F554B100D7F5AC /* Ext_UserDefaults.swift */,
				C26C478923F554B100D7F5AC /* Ext_UINavigationBar.swift */,
				C26C478A23F554B100D7F5AC /* Ext_UIImage.swift */,
				C26C478B23F554B100D7F5AC /* Ext_DispatchQueue.swift */,
				C26C478C23F554B100D7F5AC /* Ext_CCLocation.swift */,
				C2A9296023F6FF8F0060BCDE /* Ext_CGFloat.swift */,
				C2A9296223F707E40060BCDE /* Ext_Data.swift */,
				C2A9296423F7C54E0060BCDE /* Ext_Date.swift */,
				C2AFB92D23FECD2100ED5C37 /* Ext_Int.swift */,
				C2A9296823F7DB0A0060BCDE /* Ext_UIFont.swift */,
				C2A9296623F7C6A10060BCDE /* TimePassed.swift */,
				C26C477B23F554B100D7F5AC /* Example.swift */,
			);
			path = Extension;
			sourceTree = "<group>";
		};
		C26C478D23F554B100D7F5AC /* ExpandingViewController */ = {
			isa = PBXGroup;
			children = (
				C26C478E23F554B100D7F5AC /* CollectionView */,
				C26C479423F554B100D7F5AC /* ExpandingViewController.swift */,
			);
			path = ExpandingViewController;
			sourceTree = "<group>";
		};
		C26C478E23F554B100D7F5AC /* CollectionView */ = {
			isa = PBXGroup;
			children = (
				C26C478F23F554B100D7F5AC /* Cells */,
				C26C479123F554B100D7F5AC /* Layout */,
				C26C479323F554B100D7F5AC /* PageCollectionView.swift */,
			);
			path = CollectionView;
			sourceTree = "<group>";
		};
		C26C478F23F554B100D7F5AC /* Cells */ = {
			isa = PBXGroup;
			children = (
				C26C479023F554B100D7F5AC /* BasePageCollectionCell.swift */,
			);
			path = Cells;
			sourceTree = "<group>";
		};
		C26C479123F554B100D7F5AC /* Layout */ = {
			isa = PBXGroup;
			children = (
				C26C479223F554B100D7F5AC /* PageCollectionLayout.swift */,
			);
			path = Layout;
			sourceTree = "<group>";
		};
		C26C479523F554B100D7F5AC /* Widget */ = {
			isa = PBXGroup;
			children = (
				C26C47AE23F554B100D7F5AC /* AuthcodeView.swift */,
				C26C47B223F554B100D7F5AC /* AnimatingBarButton */,
				C26C479623F554B100D7F5AC /* JTSplashView.swift */,
				C26C479723F554B100D7F5AC /* ExpandableLabel.swift */,
				C26C479823F554B100D7F5AC /* SelectionDialog_KC.swift */,
				C26C479923F554B100D7F5AC /* FoldingCell.swift */,
				C26C479A23F554B100D7F5AC /* SelectionDialogItem_KC.swift */,
				C26C479B23F554B100D7F5AC /* AnimatedSegmentSwitch.swift */,
				C26C479C23F554B100D7F5AC /* KDEDateLabel.swift */,
				C26C479D23F554B100D7F5AC /* CLTypingLabel.swift */,
				C26C479E23F554B100D7F5AC /* NavigationBarColorSource.swift */,
				C26C479F23F554B100D7F5AC /* KDInteractiveNavigationController.swift */,
			);
			path = Widget;
			sourceTree = "<group>";
		};
		C26C47A023F554B100D7F5AC /* Utils */ = {
			isa = PBXGroup;
			children = (
				C26C47A123F554B100D7F5AC /* ICanHas.swift */,
				C26C47A223F554B100D7F5AC /* CacheHelper */,
				C26C47A923F554B100D7F5AC /* Location_Func.swift */,
				C26C47AA23F554B100D7F5AC /* ImageResizingMethods.swift */,
				C26C47AB23F554B100D7F5AC /* Public_Func.swift */,
				C26C47AC23F554B100D7F5AC /* PlistHelper.swift */,
				C26C47AD23F554B100D7F5AC /* Duration.swift */,
				C2A9296A23FA3FBA0060BCDE /* FileHelper.swift */,
				C2A9296C23FA48D00060BCDE /* JSONHelper.swift */,
				C2D5A8DF23FC268F007DF9A6 /* SwiftWebViewBridge.swift */,
			);
			path = Utils;
			sourceTree = "<group>";
		};
		C26C47A223F554B100D7F5AC /* CacheHelper */ = {
			isa = PBXGroup;
			children = (
				C26C47A323F554B100D7F5AC /* MemoryCache.swift */,
				C26C47A423F554B100D7F5AC /* Box.swift */,
				C26C47A523F554B100D7F5AC /* DiskCache.swift */,
				C26C47A623F554B100D7F5AC /* Cache.swift */,
				C26C47A723F554B100D7F5AC /* MultiCache.swift */,
				C26C47A823F554B100D7F5AC /* AnyCache.swift */,
			);
			path = CacheHelper;
			sourceTree = "<group>";
		};
		C26C47B023F554B100D7F5AC /* ExpandingTableViewController */ = {
			isa = PBXGroup;
			children = (
				C26C47B123F554B100D7F5AC /* ExpandingTableViewController.swift */,
			);
			path = ExpandingTableViewController;
			sourceTree = "<group>";
		};
		C26C47B223F554B100D7F5AC /* AnimatingBarButton */ = {
			isa = PBXGroup;
			children = (
				C26C47B323F554B100D7F5AC /* AnimationBarButton.swift */,
				C26C47B423F554B100D7F5AC /* Animations */,
			);
			path = AnimatingBarButton;
			sourceTree = "<group>";
		};
		C26C47B423F554B100D7F5AC /* Animations */ = {
			isa = PBXGroup;
			children = (
				C26C47B523F554B100D7F5AC /* Rotatable.swift */,
			);
			path = Animations;
			sourceTree = "<group>";
		};
		C26C47B623F554B100D7F5AC /* Model */ = {
			isa = PBXGroup;
			children = (
				C26C47B723F554B100D7F5AC /* NavigationBarData.swift */,
			);
			path = Model;
			sourceTree = "<group>";
		};
		C26C47B823F554B100D7F5AC /* MethodSwizzling */ = {
			isa = PBXGroup;
			children = (
				C26C47B923F554B100D7F5AC /* WeakObjectContainer.swift */,
				C26C47BA23F554B100D7F5AC /* MethodSwizzling.swift */,
			);
			path = MethodSwizzling;
			sourceTree = "<group>";
		};
		C26C47BB23F554B100D7F5AC /* Helpers */ = {
			isa = PBXGroup;
			children = (
				C26C47BC23F554B100D7F5AC /* ScreenShot */,
				C26C47BE23F554B100D7F5AC /* Constraints Helpers */,
				C26C47C023F554B100D7F5AC /* SubviewsForEach */,
				C26C47C223F554B100D7F5AC /* ConfigurationHelper */,
				C26C47C423F554B100D7F5AC /* Animations */,
			);
			path = Helpers;
			sourceTree = "<group>";
		};
		C26C47BC23F554B100D7F5AC /* ScreenShot */ = {
			isa = PBXGroup;
			children = (
				C26C47BD23F554B100D7F5AC /* ScreenShotHelper.swift */,
			);
			path = ScreenShot;
			sourceTree = "<group>";
		};
		C26C47BE23F554B100D7F5AC /* Constraints Helpers */ = {
			isa = PBXGroup;
			children = (
				C26C47BF23F554B100D7F5AC /* ConstraintsHelper.swift */,
			);
			path = "Constraints Helpers";
			sourceTree = "<group>";
		};
		C26C47C023F554B100D7F5AC /* SubviewsForEach */ = {
			isa = PBXGroup;
			children = (
				C26C47C123F554B100D7F5AC /* SubviewsForEach.swift */,
			);
			path = SubviewsForEach;
			sourceTree = "<group>";
		};
		C26C47C223F554B100D7F5AC /* ConfigurationHelper */ = {
			isa = PBXGroup;
			children = (
				C26C47C323F554B100D7F5AC /* ConfigurationHelper.swift */,
			);
			path = ConfigurationHelper;
			sourceTree = "<group>";
		};
		C26C47C423F554B100D7F5AC /* Animations */ = {
			isa = PBXGroup;
			children = (
				C26C47C623F554B100D7F5AC /* CornerAnimatable.swift */,
			);
			path = Animations;
			sourceTree = "<group>";
		};
		C26C47C723F554B100D7F5AC /* TransitionDriver */ = {
			isa = PBXGroup;
			children = (
				C26C47C823F554B100D7F5AC /* TransitionDriver.swift */,
			);
			path = TransitionDriver;
			sourceTree = "<group>";
		};
		C26C47CA23F554B100D7F5AC /* Block */ = {
			isa = PBXGroup;
			children = (
				C26C47CB23F554B100D7F5AC /* BlockPan.swift */,
				C26C47CC23F554B100D7F5AC /* BlockWebView.swift */,
				C26C47CD23F554B100D7F5AC /* BlockSwipe.swift */,
				C26C47CE23F554B100D7F5AC /* BlockPinch.swift */,
				C26C47CF23F554B100D7F5AC /* BlockButton.swift */,
				C26C47D023F554B100D7F5AC /* BlockTap.swift */,
				C26C47D123F554B100D7F5AC /* BlockLongPress.swift */,
			);
			path = Block;
			sourceTree = "<group>";
		};
		C2A9291023F5633F0060BCDE /* SimpleLib */ = {
			isa = PBXGroup;
			children = (
				C2A9291123F5633F0060BCDE /* SimpleLib.h */,
				C2A9291223F5633F0060BCDE /* Info.plist */,
			);
			path = SimpleLib;
			sourceTree = "<group>";
		};
		C2A9295F23F59D070060BCDE /* ExpandingCollection */ = {
			isa = PBXGroup;
			children = (
				C26C478D23F554B100D7F5AC /* ExpandingViewController */,
				C26C47B023F554B100D7F5AC /* ExpandingTableViewController */,
				C26C47BB23F554B100D7F5AC /* Helpers */,
				C26C47C723F554B100D7F5AC /* TransitionDriver */,
			);
			path = ExpandingCollection;
			sourceTree = "<group>";
		};
/* End PBXGroup section */

/* Begin PBXHeadersBuildPhase section */
		C2A9290A23F5633F0060BCDE /* Headers */ = {
			isa = PBXHeadersBuildPhase;
			buildActionMask = 2147483647;
			files = (
				C2A9291323F5633F0060BCDE /* SimpleLib.h in Headers */,
			);
			runOnlyForDeploymentPostprocessing = 0;
		};
/* End PBXHeadersBuildPhase section */

/* Begin PBXNativeTarget section */
		C2A9290E23F5633F0060BCDE /* SimpleLib */ = {
			isa = PBXNativeTarget;
			buildConfigurationList = C2A9291423F5633F0060BCDE /* Build configuration list for PBXNativeTarget "SimpleLib" */;
			buildPhases = (
				C2A9290A23F5633F0060BCDE /* Headers */,
				C2A9290B23F5633F0060BCDE /* Sources */,
				C2A9290C23F5633F0060BCDE /* Frameworks */,
				C2A9290D23F5633F0060BCDE /* Resources */,
			);
			buildRules = (
			);
			dependencies = (
			);
			name = SimpleLib;
			productName = SimpleLib;
			productReference = C2A9290F23F5633F0060BCDE /* SimpleLib.framework */;
			productType = "com.apple.product-type.framework";
		};
/* End PBXNativeTarget section */

/* Begin PBXProject section */
		C20B83F81D6BFCC600C12286 /* Project object */ = {
			isa = PBXProject;
			attributes = {
				LastSwiftUpdateCheck = 1130;
				LastUpgradeCheck = 1130;
				ORGANIZATIONNAME = rockgarden;
				TargetAttributes = {
					C2A9290E23F5633F0060BCDE = {
						CreatedOnToolsVersion = 11.3.1;
						DevelopmentTeam = W3MH7MTTSB;
						ProvisioningStyle = Automatic;
					};
				};
			};
			buildConfigurationList = C20B83FB1D6BFCC600C12286 /* Build configuration list for PBXProject "SimpleLib" */;
			compatibilityVersion = "Xcode 3.2";
			developmentRegion = en;
			hasScannedForEncodings = 0;
			knownRegions = (
				en,
				Base,
			);
			mainGroup = C20B83F71D6BFCC600C12286;
			productRefGroup = C20B84021D6BFCC600C12286 /* Products */;
			projectDirPath = "";
			projectRoot = "";
			targets = (
				C2A9290E23F5633F0060BCDE /* SimpleLib */,
			);
		};
/* End PBXProject section */

/* Begin PBXResourcesBuildPhase section */
		C2A9290D23F5633F0060BCDE /* Resources */ = {
			isa = PBXResourcesBuildPhase;
			buildActionMask = 2147483647;
			files = (
			);
			runOnlyForDeploymentPostprocessing = 0;
		};
/* End PBXResourcesBuildPhase section */

/* Begin PBXSourcesBuildPhase section */
		C2A9290B23F5633F0060BCDE /* Sources */ = {
			isa = PBXSourcesBuildPhase;
			buildActionMask = 2147483647;
			files = (
				C2A9291723F5638D0060BCDE /* Ext_UINavigationController.swift in Sources */,
				C2A9291823F5638D0060BCDE /* Ext_UIDevice.swift in Sources */,
				C2A9291923F5638D0060BCDE /* Ext_NSCoding.swift in Sources */,
				C2A9291A23F5638D0060BCDE /* Ext_UIImageView.swift in Sources */,
				C2A9291B23F5638D0060BCDE /* Ext_UIView.swift in Sources */,
				C2A9291C23F5638D0060BCDE /* Ext_UIButton.swift in Sources */,
				C2A9291D23F5638D0060BCDE /* Ext_UIViewController.swift in Sources */,
				C2A9291E23F5638D0060BCDE /* Example.swift in Sources */,
				C2A9296723F7C6A10060BCDE /* TimePassed.swift in Sources */,
				C2A9291F23F5638D0060BCDE /* Ext_UIScreen.swift in Sources */,
				C2A9292023F5638D0060BCDE /* Ext_UIColor.swift in Sources */,
				C2A9292123F5638D0060BCDE /* Ext_UIApplication.swift in Sources */,
				C2A9292223F5638D0060BCDE /* EZSwiftFunctions.swift in Sources */,
				C2A9292323F5638D0060BCDE /* Ext_UITableView.swift in Sources */,
				C2A9296123F6FF8F0060BCDE /* Ext_CGFloat.swift in Sources */,
				C2A9292523F5638D0060BCDE /* Ext_UIStoryboard.swift in Sources */,
				C2A9292623F5638D0060BCDE /* Ext_String.swift in Sources */,
				C2A9292723F5638D0060BCDE /* Ext_NSString.swift in Sources */,
				C2A9292823F5638D0060BCDE /* Ext_UILabel.swift in Sources */,
				C2A9292923F5638D0060BCDE /* Ext_NSData.swift in Sources */,
				C2A9292A23F5638D0060BCDE /* Ext_UITextView.swift in Sources */,
				C2A9296D23FA48D00060BCDE /* JSONHelper.swift in Sources */,
				C2A9292B23F5638D0060BCDE /* Ext_UserDefaults.swift in Sources */,
				C2A9292C23F5638D0060BCDE /* Ext_UINavigationBar.swift in Sources */,
				C2A9292D23F5638D0060BCDE /* Ext_UIImage.swift in Sources */,
				C2A9296923F7DB0A0060BCDE /* Ext_UIFont.swift in Sources */,
				C2A9292E23F5638D0060BCDE /* Ext_DispatchQueue.swift in Sources */,
				C2A9296B23FA3FBA0060BCDE /* FileHelper.swift in Sources */,
				C2A9292F23F5638D0060BCDE /* Ext_CCLocation.swift in Sources */,
				C2A9293023F5638D0060BCDE /* BasePageCollectionCell.swift in Sources */,
				C2A9293123F5638D0060BCDE /* PageCollectionLayout.swift in Sources */,
				C2A9293223F5638D0060BCDE /* PageCollectionView.swift in Sources */,
				C2A9293323F5638D0060BCDE /* ExpandingViewController.swift in Sources */,
				C2A9293423F5638D0060BCDE /* JTSplashView.swift in Sources */,
				C2A9293523F5638D0060BCDE /* ExpandableLabel.swift in Sources */,
				C2A9293623F5638D0060BCDE /* SelectionDialog_KC.swift in Sources */,
				C2A9293723F5638D0060BCDE /* FoldingCell.swift in Sources */,
				C2A9293823F5638D0060BCDE /* SelectionDialogItem_KC.swift in Sources */,
				C2A9293923F5638D0060BCDE /* AnimatedSegmentSwitch.swift in Sources */,
				C2A9293A23F5638D0060BCDE /* KDEDateLabel.swift in Sources */,
				C2A9293B23F5638D0060BCDE /* CLTypingLabel.swift in Sources */,
				C2A9293C23F5638D0060BCDE /* NavigationBarColorSource.swift in Sources */,
				C2A9293D23F5638D0060BCDE /* KDInteractiveNavigationController.swift in Sources */,
				C2A9293E23F5638D0060BCDE /* ICanHas.swift in Sources */,
				C2A9293F23F5638D0060BCDE /* MemoryCache.swift in Sources */,
				C2A9294023F5638D0060BCDE /* Box.swift in Sources */,
				C2A9296323F707E40060BCDE /* Ext_Data.swift in Sources */,
				C2A9294123F5638D0060BCDE /* DiskCache.swift in Sources */,
				C2A9294223F5638D0060BCDE /* Cache.swift in Sources */,
				C2A9294323F5638D0060BCDE /* MultiCache.swift in Sources */,
				C2A9294423F5638D0060BCDE /* AnyCache.swift in Sources */,
				C2A9294523F5638D0060BCDE /* Location_Func.swift in Sources */,
				C2A9294623F5638D0060BCDE /* ImageResizingMethods.swift in Sources */,
				C2A9294723F5638D0060BCDE /* Public_Func.swift in Sources */,
				C2A9294823F5638D0060BCDE /* PlistHelper.swift in Sources */,
				C2A9294923F5638D0060BCDE /* Duration.swift in Sources */,
				C2A9294A23F5638D0060BCDE /* AuthcodeView.swift in Sources */,
				C2A9296523F7C54E0060BCDE /* Ext_Date.swift in Sources */,
				C2A9294B23F5638D0060BCDE /* ExpandingTableViewController.swift in Sources */,
				C2A9294C23F5638D0060BCDE /* AnimationBarButton.swift in Sources */,
				C2A9294D23F5638D0060BCDE /* Rotatable.swift in Sources */,
				C2A9294E23F5638D0060BCDE /* NavigationBarData.swift in Sources */,
				C2A9294F23F5638D0060BCDE /* WeakObjectContainer.swift in Sources */,
				C2A9295023F5638D0060BCDE /* MethodSwizzling.swift in Sources */,
				C2A9295123F5638D0060BCDE /* ScreenShotHelper.swift in Sources */,
				C2A9295223F5638D0060BCDE /* ConstraintsHelper.swift in Sources */,
				C2A9295323F5638D0060BCDE /* SubviewsForEach.swift in Sources */,
				C2AFB92E23FECD2100ED5C37 /* Ext_Int.swift in Sources */,
				C2A9295423F5638D0060BCDE /* ConfigurationHelper.swift in Sources */,
				C2A9295523F5638D0060BCDE /* CornerAnimatable.swift in Sources */,
				C2A9295623F5638D0060BCDE /* TransitionDriver.swift in Sources */,
				C2A9295723F5638D0060BCDE /* BlockPan.swift in Sources */,
				C2D5A8E023FC268F007DF9A6 /* SwiftWebViewBridge.swift in Sources */,
				C2A9295823F5638D0060BCDE /* BlockWebView.swift in Sources */,
				C2A9295923F5638D0060BCDE /* BlockSwipe.swift in Sources */,
				C2A9295A23F5638D0060BCDE /* BlockPinch.swift in Sources */,
				C2A9295B23F5638D0060BCDE /* BlockButton.swift in Sources */,
				C2A9295C23F5638D0060BCDE /* BlockTap.swift in Sources */,
				C2A9295D23F5638D0060BCDE /* BlockLongPress.swift in Sources */,
				C2A9295E23F5638D0060BCDE /* AppCommon.swift in Sources */,
			);
			runOnlyForDeploymentPostprocessing = 0;
		};
/* End PBXSourcesBuildPhase section */

/* Begin XCBuildConfiguration section */
		C20B84131D6BFCC700C12286 /* Debug */ = {
			isa = XCBuildConfiguration;
			buildSettings = {
				ALWAYS_SEARCH_USER_PATHS = NO;
				CLANG_ANALYZER_LOCALIZABILITY_NONLOCALIZED = YES;
				CLANG_ANALYZER_NONNULL = YES;
				CLANG_CXX_LANGUAGE_STANDARD = "gnu++0x";
				CLANG_CXX_LIBRARY = "libc++";
				CLANG_ENABLE_MODULES = YES;
				CLANG_ENABLE_OBJC_ARC = YES;
				CLANG_WARN_BLOCK_CAPTURE_AUTORELEASING = YES;
				CLANG_WARN_BOOL_CONVERSION = YES;
				CLANG_WARN_COMMA = YES;
				CLANG_WARN_CONSTANT_CONVERSION = YES;
				CLANG_WARN_DEPRECATED_OBJC_IMPLEMENTATIONS = YES;
				CLANG_WARN_DIRECT_OBJC_ISA_USAGE = YES_ERROR;
				CLANG_WARN_EMPTY_BODY = YES;
				CLANG_WARN_ENUM_CONVERSION = YES;
				CLANG_WARN_INFINITE_RECURSION = YES;
				CLANG_WARN_INT_CONVERSION = YES;
				CLANG_WARN_NON_LITERAL_NULL_CONVERSION = YES;
				CLANG_WARN_OBJC_IMPLICIT_RETAIN_SELF = YES;
				CLANG_WARN_OBJC_LITERAL_CONVERSION = YES;
				CLANG_WARN_OBJC_ROOT_CLASS = YES_ERROR;
				CLANG_WARN_RANGE_LOOP_ANALYSIS = YES;
				CLANG_WARN_STRICT_PROTOTYPES = YES;
				CLANG_WARN_SUSPICIOUS_MOVE = YES;
				CLANG_WARN_UNREACHABLE_CODE = YES;
				CLANG_WARN__DUPLICATE_METHOD_MATCH = YES;
				"CODE_SIGN_IDENTITY[sdk=iphoneos*]" = "iPhone Developer";
				COPY_PHASE_STRIP = NO;
				CURRENT_PROJECT_VERSION = 1;
				DEBUG_INFORMATION_FORMAT = dwarf;
				ENABLE_STRICT_OBJC_MSGSEND = YES;
				ENABLE_TESTABILITY = YES;
				GCC_C_LANGUAGE_STANDARD = gnu99;
				GCC_DYNAMIC_NO_PIC = NO;
				GCC_NO_COMMON_BLOCKS = YES;
				GCC_OPTIMIZATION_LEVEL = 0;
				GCC_PREPROCESSOR_DEFINITIONS = (
					"DEBUG=1",
					"$(inherited)",
				);
				GCC_WARN_64_TO_32_BIT_CONVERSION = YES;
				GCC_WARN_ABOUT_RETURN_TYPE = YES_ERROR;
				GCC_WARN_UNDECLARED_SELECTOR = YES;
				GCC_WARN_UNINITIALIZED_AUTOS = YES_AGGRESSIVE;
				GCC_WARN_UNUSED_FUNCTION = YES;
				GCC_WARN_UNUSED_VARIABLE = YES;
				IPHONEOS_DEPLOYMENT_TARGET = 9.3;
				MTL_ENABLE_DEBUG_INFO = YES;
				ONLY_ACTIVE_ARCH = YES;
				SDKROOT = iphoneos;
				SWIFT_OPTIMIZATION_LEVEL = "-Onone";
				TARGETED_DEVICE_FAMILY = "1,2";
				VERSIONING_SYSTEM = "apple-generic";
				VERSION_INFO_PREFIX = "";
			};
			name = Debug;
		};
		C20B84141D6BFCC700C12286 /* Release */ = {
			isa = XCBuildConfiguration;
			buildSettings = {
				ALWAYS_SEARCH_USER_PATHS = NO;
				CLANG_ANALYZER_LOCALIZABILITY_NONLOCALIZED = YES;
				CLANG_ANALYZER_NONNULL = YES;
				CLANG_CXX_LANGUAGE_STANDARD = "gnu++0x";
				CLANG_CXX_LIBRARY = "libc++";
				CLANG_ENABLE_MODULES = YES;
				CLANG_ENABLE_OBJC_ARC = YES;
				CLANG_WARN_BLOCK_CAPTURE_AUTORELEASING = YES;
				CLANG_WARN_BOOL_CONVERSION = YES;
				CLANG_WARN_COMMA = YES;
				CLANG_WARN_CONSTANT_CONVERSION = YES;
				CLANG_WARN_DEPRECATED_OBJC_IMPLEMENTATIONS = YES;
				CLANG_WARN_DIRECT_OBJC_ISA_USAGE = YES_ERROR;
				CLANG_WARN_EMPTY_BODY = YES;
				CLANG_WARN_ENUM_CONVERSION = YES;
				CLANG_WARN_INFINITE_RECURSION = YES;
				CLANG_WARN_INT_CONVERSION = YES;
				CLANG_WARN_NON_LITERAL_NULL_CONVERSION = YES;
				CLANG_WARN_OBJC_IMPLICIT_RETAIN_SELF = YES;
				CLANG_WARN_OBJC_LITERAL_CONVERSION = YES;
				CLANG_WARN_OBJC_ROOT_CLASS = YES_ERROR;
				CLANG_WARN_RANGE_LOOP_ANALYSIS = YES;
				CLANG_WARN_STRICT_PROTOTYPES = YES;
				CLANG_WARN_SUSPICIOUS_MOVE = YES;
				CLANG_WARN_UNREACHABLE_CODE = YES;
				CLANG_WARN__DUPLICATE_METHOD_MATCH = YES;
				"CODE_SIGN_IDENTITY[sdk=iphoneos*]" = "iPhone Developer";
				COPY_PHASE_STRIP = NO;
				CURRENT_PROJECT_VERSION = 1;
				DEBUG_INFORMATION_FORMAT = "dwarf-with-dsym";
				ENABLE_NS_ASSERTIONS = NO;
				ENABLE_STRICT_OBJC_MSGSEND = YES;
				GCC_C_LANGUAGE_STANDARD = gnu99;
				GCC_NO_COMMON_BLOCKS = YES;
				GCC_WARN_64_TO_32_BIT_CONVERSION = YES;
				GCC_WARN_ABOUT_RETURN_TYPE = YES_ERROR;
				GCC_WARN_UNDECLARED_SELECTOR = YES;
				GCC_WARN_UNINITIALIZED_AUTOS = YES_AGGRESSIVE;
				GCC_WARN_UNUSED_FUNCTION = YES;
				GCC_WARN_UNUSED_VARIABLE = YES;
				IPHONEOS_DEPLOYMENT_TARGET = 9.3;
				MTL_ENABLE_DEBUG_INFO = NO;
				SDKROOT = iphoneos;
				SWIFT_OPTIMIZATION_LEVEL = "-Owholemodule";
				TARGETED_DEVICE_FAMILY = "1,2";
				VALIDATE_PRODUCT = YES;
				VERSIONING_SYSTEM = "apple-generic";
				VERSION_INFO_PREFIX = "";
			};
			name = Release;
		};
		C2A9291523F5633F0060BCDE /* Debug */ = {
			isa = XCBuildConfiguration;
			buildSettings = {
				CLANG_ANALYZER_NUMBER_OBJECT_CONVERSION = YES_AGGRESSIVE;
				CLANG_CXX_LANGUAGE_STANDARD = "gnu++14";
				CLANG_ENABLE_OBJC_WEAK = YES;
				CLANG_WARN_DOCUMENTATION_COMMENTS = YES;
				CLANG_WARN_UNGUARDED_AVAILABILITY = YES_AGGRESSIVE;
				CODE_SIGN_STYLE = Automatic;
				DEFINES_MODULE = YES;
				DEVELOPMENT_TEAM = W3MH7MTTSB;
				DYLIB_COMPATIBILITY_VERSION = 1;
				DYLIB_CURRENT_VERSION = 1;
				DYLIB_INSTALL_NAME_BASE = "@rpath";
				GCC_C_LANGUAGE_STANDARD = gnu11;
				INFOPLIST_FILE = SimpleLib/Info.plist;
				INSTALL_PATH = "$(LOCAL_LIBRARY_DIR)/Frameworks";
				IPHONEOS_DEPLOYMENT_TARGET = 12.0;
				LD_RUNPATH_SEARCH_PATHS = "$(inherited) @executable_path/Frameworks @loader_path/Frameworks";
				MTL_ENABLE_DEBUG_INFO = INCLUDE_SOURCE;
				MTL_FAST_MATH = YES;
				PRODUCT_BUNDLE_IDENTIFIER = rockgarden.SimpleLib;
				PRODUCT_NAME = "$(TARGET_NAME:c99extidentifier)";
				SKIP_INSTALL = YES;
				SWIFT_ACTIVE_COMPILATION_CONDITIONS = DEBUG;
				SWIFT_VERSION = 4.2;
				TARGETED_DEVICE_FAMILY = "1,2";
			};
			name = Debug;
		};
		C2A9291623F5633F0060BCDE /* Release */ = {
			isa = XCBuildConfiguration;
			buildSettings = {
				CLANG_ANALYZER_NUMBER_OBJECT_CONVERSION = YES_AGGRESSIVE;
				CLANG_CXX_LANGUAGE_STANDARD = "gnu++14";
				CLANG_ENABLE_OBJC_WEAK = YES;
				CLANG_WARN_DOCUMENTATION_COMMENTS = YES;
				CLANG_WARN_UNGUARDED_AVAILABILITY = YES_AGGRESSIVE;
				CODE_SIGN_STYLE = Automatic;
				DEFINES_MODULE = YES;
				DEVELOPMENT_TEAM = W3MH7MTTSB;
				DYLIB_COMPATIBILITY_VERSION = 1;
				DYLIB_CURRENT_VERSION = 1;
				DYLIB_INSTALL_NAME_BASE = "@rpath";
				GCC_C_LANGUAGE_STANDARD = gnu11;
				INFOPLIST_FILE = SimpleLib/Info.plist;
				INSTALL_PATH = "$(LOCAL_LIBRARY_DIR)/Frameworks";
				IPHONEOS_DEPLOYMENT_TARGET = 12.0;
				LD_RUNPATH_SEARCH_PATHS = "$(inherited) @executable_path/Frameworks @loader_path/Frameworks";
				MTL_FAST_MATH = YES;
				PRODUCT_BUNDLE_IDENTIFIER = rockgarden.SimpleLib;
				PRODUCT_NAME = "$(TARGET_NAME:c99extidentifier)";
				SKIP_INSTALL = YES;
				SWIFT_VERSION = 4.2;
				TARGETED_DEVICE_FAMILY = "1,2";
			};
			name = Release;
		};
/* End XCBuildConfiguration section */

/* Begin XCConfigurationList section */
		C20B83FB1D6BFCC600C12286 /* Build configuration list for PBXProject "SimpleLib" */ = {
			isa = XCConfigurationList;
			buildConfigurations = (
				C20B84131D6BFCC700C12286 /* Debug */,
				C20B84141D6BFCC700C12286 /* Release */,
			);
			defaultConfigurationIsVisible = 0;
			defaultConfigurationName = Release;
		};
		C2A9291423F5633F0060BCDE /* Build configuration list for PBXNativeTarget "SimpleLib" */ = {
			isa = XCConfigurationList;
			buildConfigurations = (
				C2A9291523F5633F0060BCDE /* Debug */,
				C2A9291623F5633F0060BCDE /* Release */,
			);
			defaultConfigurationIsVisible = 0;
			defaultConfigurationName = Release;
		};
/* End XCConfigurationList section */
	};
	rootObject = C20B83F81D6BFCC600C12286 /* Project object */;
}
